
Microsoft Visual Studio Solution File, Format Version 12.00
# Visual Studio Version 17
VisualStudioVersion = 17.0.32112.339
MinimumVisualStudioVersion = 10.0.40219.1
Project("{8BC9CEB8-8B4A-11D0-8D11-00A0C91BC942}") = "cximage", "CxImage\cximage.vcxproj", "{C301389B-D859-4308-BBEB-A72172ED6E18}"
EndProject
Project("{8BC9CEB8-8B4A-11D0-8D11-00A0C91BC942}") = "libdcr", "raw\libdcr.vcxproj", "{DCF3F5E6-04FA-45C4-A16A-B5D803EC597D}"
EndProject
Project("{8BC9CEB8-8B4A-11D0-8D11-00A0C91BC942}") = "jasper", "jasper\jasper.vcxproj", "{8EF202FE-EF77-49E6-9E94-18204381CCF6}"
EndProject
Project("{8BC9CEB8-8B4A-11D0-8D11-00A0C91BC942}") = "jbig", "jbig\jbig.vcxproj", "{681E5224-36EB-4A44-9343-23351DAAF89A}"
EndProject
Project("{8BC9CEB8-8B4A-11D0-8D11-00A0C91BC942}") = "Jpeg", "jpeg\Jpeg.vcxproj", "{E15E7434-4A92-4DAF-B2FD-CE68AFB3908E}"
EndProject
Project("{8BC9CEB8-8B4A-11D0-8D11-00A0C91BC942}") = "mng", "mng\mng.vcxproj", "{28D45F50-9CF3-4175-ADA5-3FF7F34EC225}"
EndProject
Project("{8BC9CEB8-8B4A-11D0-8D11-00A0C91BC942}") = "png", "png\png.vcxproj", "{3D82F746-FE45-4FB4-9A50-A47EE79AEC1A}"
EndProject
Project("{8BC9CEB8-8B4A-11D0-8D11-00A0C91BC942}") = "Tiff", "tiff\Tiff.vcxproj", "{BB6DC810-EC67-417D-AB50-D85183C1820D}"
EndProject
Project("{8BC9CEB8-8B4A-11D0-8D11-00A0C91BC942}") = "zlib", "zlib\zlib.vcxproj", "{F1CA984E-922E-4FC6-8EFB-7B36A7E2DAF8}"
EndProject
Global
	GlobalSection(SolutionConfigurationPlatforms) = preSolution
		Debug|Mixed Platforms = Debug|Mixed Platforms
		Debug|Win32 = Debug|Win32
		Debug|x64 = Debug|x64
		Debug|x86 = Debug|x86
		Debug-contrib|Mixed Platforms = Debug-contrib|Mixed Platforms
		Debug-contrib|Win32 = Debug-contrib|Win32
		Debug-contrib|x64 = Debug-contrib|x64
		Debug-contrib|x86 = Debug-contrib|x86
		Debug-cups|Mixed Platforms = Debug-cups|Mixed Platforms
		Debug-cups|Win32 = Debug-cups|Win32
		Debug-cups|x64 = Debug-cups|x64
		Debug-cups|x86 = Debug-cups|x86
		Memento|Mixed Platforms = Memento|Mixed Platforms
		Memento|Win32 = Memento|Win32
		Memento|x64 = Memento|x64
		Memento|x86 = Memento|x86
		Profile|Mixed Platforms = Profile|Mixed Platforms
		Profile|Win32 = Profile|Win32
		Profile|x64 = Profile|x64
		Profile|x86 = Profile|x86
		Release|Mixed Platforms = Release|Mixed Platforms
		Release|Win32 = Release|Win32
		Release|x64 = Release|x64
		Release|x86 = Release|x86
		Release-contrib|Mixed Platforms = Release-contrib|Mixed Platforms
		Release-contrib|Win32 = Release-contrib|Win32
		Release-contrib|x64 = Release-contrib|x64
		Release-contrib|x86 = Release-contrib|x86
		Template|Mixed Platforms = Template|Mixed Platforms
		Template|Win32 = Template|Win32
		Template|x64 = Template|x64
		Template|x86 = Template|x86
		Unicode Debug|Mixed Platforms = Unicode Debug|Mixed Platforms
		Unicode Debug|Win32 = Unicode Debug|Win32
		Unicode Debug|x64 = Unicode Debug|x64
		Unicode Debug|x86 = Unicode Debug|x86
		UnicodeRelease|Mixed Platforms = UnicodeRelease|Mixed Platforms
		UnicodeRelease|Win32 = UnicodeRelease|Win32
		UnicodeRelease|x64 = UnicodeRelease|x64
		UnicodeRelease|x86 = UnicodeRelease|x86
	EndGlobalSection
	GlobalSection(ProjectConfigurationPlatforms) = postSolution
		{C301389B-D859-4308-BBEB-A72172ED6E18}.Debug|Mixed Platforms.ActiveCfg = Debug|Win32
		{C301389B-D859-4308-BBEB-A72172ED6E18}.Debug|Mixed Platforms.Build.0 = Debug|Win32
		{C301389B-D859-4308-BBEB-A72172ED6E18}.Debug|Win32.ActiveCfg = Debug|Win32
		{C301389B-D859-4308-BBEB-A72172ED6E18}.Debug|Win32.Build.0 = Debug|Win32
		{C301389B-D859-4308-BBEB-A72172ED6E18}.Debug|x64.ActiveCfg = Debug|x64
		{C301389B-D859-4308-BBEB-A72172ED6E18}.Debug|x64.Build.0 = Debug|x64
		{C301389B-D859-4308-BBEB-A72172ED6E18}.Debug|x86.ActiveCfg = Debug|Win32
		{C301389B-D859-4308-BBEB-A72172ED6E18}.Debug-contrib|Mixed Platforms.ActiveCfg = Debug|Win32
		{C301389B-D859-4308-BBEB-A72172ED6E18}.Debug-contrib|Win32.ActiveCfg = Debug|Win32
		{C301389B-D859-4308-BBEB-A72172ED6E18}.Debug-contrib|x64.ActiveCfg = Debug|x64
		{C301389B-D859-4308-BBEB-A72172ED6E18}.Debug-contrib|x86.ActiveCfg = Debug|Win32
		{C301389B-D859-4308-BBEB-A72172ED6E18}.Debug-cups|Mixed Platforms.ActiveCfg = Debug|Win32
		{C301389B-D859-4308-BBEB-A72172ED6E18}.Debug-cups|Win32.ActiveCfg = Debug|Win32
		{C301389B-D859-4308-BBEB-A72172ED6E18}.Debug-cups|x64.ActiveCfg = Debug|x64
		{C301389B-D859-4308-BBEB-A72172ED6E18}.Debug-cups|x86.ActiveCfg = Debug|Win32
		{C301389B-D859-4308-BBEB-A72172ED6E18}.Memento|Mixed Platforms.ActiveCfg = Unicode Release|Win32
		{C301389B-D859-4308-BBEB-A72172ED6E18}.Memento|Win32.ActiveCfg = Unicode Release|Win32
		{C301389B-D859-4308-BBEB-A72172ED6E18}.Memento|x64.ActiveCfg = Unicode Release|x64
		{C301389B-D859-4308-BBEB-A72172ED6E18}.Memento|x86.ActiveCfg = Unicode Debug|Win32
		{C301389B-D859-4308-BBEB-A72172ED6E18}.Profile|Mixed Platforms.ActiveCfg = Unicode Release|Win32
		{C301389B-D859-4308-BBEB-A72172ED6E18}.Profile|Win32.ActiveCfg = Unicode Release|Win32
		{C301389B-D859-4308-BBEB-A72172ED6E18}.Profile|x64.ActiveCfg = Unicode Release|x64
		{C301389B-D859-4308-BBEB-A72172ED6E18}.Profile|x86.ActiveCfg = Unicode Debug|Win32
		{C301389B-D859-4308-BBEB-A72172ED6E18}.Release|Mixed Platforms.ActiveCfg = Release|Win32
		{C301389B-D859-4308-BBEB-A72172ED6E18}.Release|Mixed Platforms.Build.0 = Release|Win32
		{C301389B-D859-4308-BBEB-A72172ED6E18}.Release|Win32.ActiveCfg = Release|Win32
		{C301389B-D859-4308-BBEB-A72172ED6E18}.Release|Win32.Build.0 = Release|Win32
		{C301389B-D859-4308-BBEB-A72172ED6E18}.Release|x64.ActiveCfg = Unicode Release|x64
		{C301389B-D859-4308-BBEB-A72172ED6E18}.Release|x86.ActiveCfg = Release|Win32
		{C301389B-D859-4308-BBEB-A72172ED6E18}.Release-contrib|Mixed Platforms.ActiveCfg = Release|Win32
		{C301389B-D859-4308-BBEB-A72172ED6E18}.Release-contrib|Win32.ActiveCfg = Release|Win32
		{C301389B-D859-4308-BBEB-A72172ED6E18}.Release-contrib|x64.ActiveCfg = Unicode Release|x64
		{C301389B-D859-4308-BBEB-A72172ED6E18}.Release-contrib|x86.ActiveCfg = Release|Win32
		{C301389B-D859-4308-BBEB-A72172ED6E18}.Template|Mixed Platforms.ActiveCfg = Unicode Debug|Win32
		{C301389B-D859-4308-BBEB-A72172ED6E18}.Template|Mixed Platforms.Build.0 = Unicode Debug|Win32
		{C301389B-D859-4308-BBEB-A72172ED6E18}.Template|Win32.ActiveCfg = Unicode Release|Win32
		{C301389B-D859-4308-BBEB-A72172ED6E18}.Template|Win32.Build.0 = Unicode Release|Win32
		{C301389B-D859-4308-BBEB-A72172ED6E18}.Template|x64.ActiveCfg = Unicode Release|x64
		{C301389B-D859-4308-BBEB-A72172ED6E18}.Template|x86.ActiveCfg = Unicode Debug|Win32
		{C301389B-D859-4308-BBEB-A72172ED6E18}.Unicode Debug|Mixed Platforms.ActiveCfg = Unicode Debug|Win32
		{C301389B-D859-4308-BBEB-A72172ED6E18}.Unicode Debug|Mixed Platforms.Build.0 = Unicode Debug|Win32
		{C301389B-D859-4308-BBEB-A72172ED6E18}.Unicode Debug|Win32.ActiveCfg = Unicode Debug|Win32
		{C301389B-D859-4308-BBEB-A72172ED6E18}.Unicode Debug|Win32.Build.0 = Unicode Debug|Win32
		{C301389B-D859-4308-BBEB-A72172ED6E18}.Unicode Debug|x64.ActiveCfg = Unicode Release|x64
		{C301389B-D859-4308-BBEB-A72172ED6E18}.Unicode Debug|x86.ActiveCfg = Unicode Debug|Win32
		{C301389B-D859-4308-BBEB-A72172ED6E18}.UnicodeRelease|Mixed Platforms.ActiveCfg = Unicode Release|x64
		{C301389B-D859-4308-BBEB-A72172ED6E18}.UnicodeRelease|Mixed Platforms.Build.0 = Unicode Release|x64
		{C301389B-D859-4308-BBEB-A72172ED6E18}.UnicodeRelease|Win32.ActiveCfg = Unicode Release|Win32
		{C301389B-D859-4308-BBEB-A72172ED6E18}.UnicodeRelease|Win32.Build.0 = Unicode Release|Win32
		{C301389B-D859-4308-BBEB-A72172ED6E18}.UnicodeRelease|x64.ActiveCfg = UnicodeRelease|x64
		{C301389B-D859-4308-BBEB-A72172ED6E18}.UnicodeRelease|x64.Build.0 = UnicodeRelease|x64
		{C301389B-D859-4308-BBEB-A72172ED6E18}.UnicodeRelease|x64.Deploy.0 = UnicodeRelease|x64
		{C301389B-D859-4308-BBEB-A72172ED6E18}.UnicodeRelease|x86.ActiveCfg = Unicode Release|Win32
		{DCF3F5E6-04FA-45C4-A16A-B5D803EC597D}.Debug|Mixed Platforms.ActiveCfg = Debug|Win32
		{DCF3F5E6-04FA-45C4-A16A-B5D803EC597D}.Debug|Mixed Platforms.Build.0 = Debug|Win32
		{DCF3F5E6-04FA-45C4-A16A-B5D803EC597D}.Debug|Win32.ActiveCfg = Debug|Win32
		{DCF3F5E6-04FA-45C4-A16A-B5D803EC597D}.Debug|Win32.Build.0 = Debug|Win32
		{DCF3F5E6-04FA-45C4-A16A-B5D803EC597D}.Debug|x64.ActiveCfg = Debug|x64
		{DCF3F5E6-04FA-45C4-A16A-B5D803EC597D}.Debug|x64.Build.0 = Debug|x64
		{DCF3F5E6-04FA-45C4-A16A-B5D803EC597D}.Debug|x86.ActiveCfg = Debug|Win32
		{DCF3F5E6-04FA-45C4-A16A-B5D803EC597D}.Debug-contrib|Mixed Platforms.ActiveCfg = Debug|Win32
		{DCF3F5E6-04FA-45C4-A16A-B5D803EC597D}.Debug-contrib|Win32.ActiveCfg = Debug|Win32
		{DCF3F5E6-04FA-45C4-A16A-B5D803EC597D}.Debug-contrib|x64.ActiveCfg = Debug|x64
		{DCF3F5E6-04FA-45C4-A16A-B5D803EC597D}.Debug-contrib|x86.ActiveCfg = Debug|Win32
		{DCF3F5E6-04FA-45C4-A16A-B5D803EC597D}.Debug-cups|Mixed Platforms.ActiveCfg = Debug|Win32
		{DCF3F5E6-04FA-45C4-A16A-B5D803EC597D}.Debug-cups|Win32.ActiveCfg = Debug|Win32
		{DCF3F5E6-04FA-45C4-A16A-B5D803EC597D}.Debug-cups|x64.ActiveCfg = Debug|x64
		{DCF3F5E6-04FA-45C4-A16A-B5D803EC597D}.Debug-cups|x86.ActiveCfg = Debug|Win32
		{DCF3F5E6-04FA-45C4-A16A-B5D803EC597D}.Memento|Mixed Platforms.ActiveCfg = Unicode Release|Win32
		{DCF3F5E6-04FA-45C4-A16A-B5D803EC597D}.Memento|Win32.ActiveCfg = Unicode Release|Win32
		{DCF3F5E6-04FA-45C4-A16A-B5D803EC597D}.Memento|x64.ActiveCfg = Unicode Release|x64
		{DCF3F5E6-04FA-45C4-A16A-B5D803EC597D}.Memento|x86.ActiveCfg = Unicode Debug|Win32
		{DCF3F5E6-04FA-45C4-A16A-B5D803EC597D}.Profile|Mixed Platforms.ActiveCfg = Unicode Release|Win32
		{DCF3F5E6-04FA-45C4-A16A-B5D803EC597D}.Profile|Win32.ActiveCfg = Unicode Release|Win32
		{DCF3F5E6-04FA-45C4-A16A-B5D803EC597D}.Profile|x64.ActiveCfg = Unicode Release|x64
		{DCF3F5E6-04FA-45C4-A16A-B5D803EC597D}.Profile|x86.ActiveCfg = Unicode Debug|Win32
		{DCF3F5E6-04FA-45C4-A16A-B5D803EC597D}.Release|Mixed Platforms.ActiveCfg = Release|Win32
		{DCF3F5E6-04FA-45C4-A16A-B5D803EC597D}.Release|Mixed Platforms.Build.0 = Release|Win32
		{DCF3F5E6-04FA-45C4-A16A-B5D803EC597D}.Release|Win32.ActiveCfg = Release|Win32
		{DCF3F5E6-04FA-45C4-A16A-B5D803EC597D}.Release|Win32.Build.0 = Release|Win32
		{DCF3F5E6-04FA-45C4-A16A-B5D803EC597D}.Release|x64.ActiveCfg = Unicode Release|x64
		{DCF3F5E6-04FA-45C4-A16A-B5D803EC597D}.Release|x86.ActiveCfg = Release|Win32
		{DCF3F5E6-04FA-45C4-A16A-B5D803EC597D}.Release-contrib|Mixed Platforms.ActiveCfg = Release|Win32
		{DCF3F5E6-04FA-45C4-A16A-B5D803EC597D}.Release-contrib|Win32.ActiveCfg = Release|Win32
		{DCF3F5E6-04FA-45C4-A16A-B5D803EC597D}.Release-contrib|x64.ActiveCfg = Unicode Release|x64
		{DCF3F5E6-04FA-45C4-A16A-B5D803EC597D}.Release-contrib|x86.ActiveCfg = Release|Win32
		{DCF3F5E6-04FA-45C4-A16A-B5D803EC597D}.Template|Mixed Platforms.ActiveCfg = Template|Win32
		{DCF3F5E6-04FA-45C4-A16A-B5D803EC597D}.Template|Mixed Platforms.Build.0 = Template|Win32
		{DCF3F5E6-04FA-45C4-A16A-B5D803EC597D}.Template|Win32.ActiveCfg = Template|Win32
		{DCF3F5E6-04FA-45C4-A16A-B5D803EC597D}.Template|Win32.Build.0 = Template|Win32
		{DCF3F5E6-04FA-45C4-A16A-B5D803EC597D}.Template|x64.ActiveCfg = Unicode Release|x64
		{DCF3F5E6-04FA-45C4-A16A-B5D803EC597D}.Template|x86.ActiveCfg = Template|Win32
		{DCF3F5E6-04FA-45C4-A16A-B5D803EC597D}.Unicode Debug|Mixed Platforms.ActiveCfg = Unicode Debug|Win32
		{DCF3F5E6-04FA-45C4-A16A-B5D803EC597D}.Unicode Debug|Mixed Platforms.Build.0 = Unicode Debug|Win32
		{DCF3F5E6-04FA-45C4-A16A-B5D803EC597D}.Unicode Debug|Win32.ActiveCfg = Unicode Debug|Win32
		{DCF3F5E6-04FA-45C4-A16A-B5D803EC597D}.Unicode Debug|Win32.Build.0 = Unicode Debug|Win32
		{DCF3F5E6-04FA-45C4-A16A-B5D803EC597D}.Unicode Debug|x64.ActiveCfg = Unicode Release|x64
		{DCF3F5E6-04FA-45C4-A16A-B5D803EC597D}.Unicode Debug|x86.ActiveCfg = Unicode Debug|Win32
		{DCF3F5E6-04FA-45C4-A16A-B5D803EC597D}.UnicodeRelease|Mixed Platforms.ActiveCfg = Unicode Release|x64
		{DCF3F5E6-04FA-45C4-A16A-B5D803EC597D}.UnicodeRelease|Mixed Platforms.Build.0 = Unicode Release|x64
		{DCF3F5E6-04FA-45C4-A16A-B5D803EC597D}.UnicodeRelease|Win32.ActiveCfg = Unicode Release|Win32
		{DCF3F5E6-04FA-45C4-A16A-B5D803EC597D}.UnicodeRelease|Win32.Build.0 = Unicode Release|Win32
		{DCF3F5E6-04FA-45C4-A16A-B5D803EC597D}.UnicodeRelease|x64.ActiveCfg = UnicodeRelease|x64
		{DCF3F5E6-04FA-45C4-A16A-B5D803EC597D}.UnicodeRelease|x64.Build.0 = UnicodeRelease|x64
		{DCF3F5E6-04FA-45C4-A16A-B5D803EC597D}.UnicodeRelease|x86.ActiveCfg = Unicode Release|Win32
		{8EF202FE-EF77-49E6-9E94-18204381CCF6}.Debug|Mixed Platforms.ActiveCfg = Debug|Win32
		{8EF202FE-EF77-49E6-9E94-18204381CCF6}.Debug|Mixed Platforms.Build.0 = Debug|Win32
		{8EF202FE-EF77-49E6-9E94-18204381CCF6}.Debug|Win32.ActiveCfg = Debug|Win32
		{8EF202FE-EF77-49E6-9E94-18204381CCF6}.Debug|Win32.Build.0 = Debug|Win32
		{8EF202FE-EF77-49E6-9E94-18204381CCF6}.Debug|x64.ActiveCfg = Debug|x64
		{8EF202FE-EF77-49E6-9E94-18204381CCF6}.Debug|x64.Build.0 = Debug|x64
		{8EF202FE-EF77-49E6-9E94-18204381CCF6}.Debug|x86.ActiveCfg = Debug|Win32
		{8EF202FE-EF77-49E6-9E94-18204381CCF6}.Debug-contrib|Mixed Platforms.ActiveCfg = Debug|Win32
		{8EF202FE-EF77-49E6-9E94-18204381CCF6}.Debug-contrib|Win32.ActiveCfg = Debug|Win32
		{8EF202FE-EF77-49E6-9E94-18204381CCF6}.Debug-contrib|x64.ActiveCfg = Debug|x64
		{8EF202FE-EF77-49E6-9E94-18204381CCF6}.Debug-contrib|x86.ActiveCfg = Debug|Win32
		{8EF202FE-EF77-49E6-9E94-18204381CCF6}.Debug-cups|Mixed Platforms.ActiveCfg = Debug|Win32
		{8EF202FE-EF77-49E6-9E94-18204381CCF6}.Debug-cups|Win32.ActiveCfg = Debug|Win32
		{8EF202FE-EF77-49E6-9E94-18204381CCF6}.Debug-cups|x64.ActiveCfg = Debug|x64
		{8EF202FE-EF77-49E6-9E94-18204381CCF6}.Debug-cups|x86.ActiveCfg = Debug|Win32
		{8EF202FE-EF77-49E6-9E94-18204381CCF6}.Memento|Mixed Platforms.ActiveCfg = Unicode Release|Win32
		{8EF202FE-EF77-49E6-9E94-18204381CCF6}.Memento|Win32.ActiveCfg = Unicode Release|Win32
		{8EF202FE-EF77-49E6-9E94-18204381CCF6}.Memento|x64.ActiveCfg = Unicode Release|x64
		{8EF202FE-EF77-49E6-9E94-18204381CCF6}.Memento|x86.ActiveCfg = Unicode Debug|Win32
		{8EF202FE-EF77-49E6-9E94-18204381CCF6}.Profile|Mixed Platforms.ActiveCfg = Unicode Release|Win32
		{8EF202FE-EF77-49E6-9E94-18204381CCF6}.Profile|Win32.ActiveCfg = Unicode Release|Win32
		{8EF202FE-EF77-49E6-9E94-18204381CCF6}.Profile|x64.ActiveCfg = Unicode Release|x64
		{8EF202FE-EF77-49E6-9E94-18204381CCF6}.Profile|x86.ActiveCfg = Unicode Debug|Win32
		{8EF202FE-EF77-49E6-9E94-18204381CCF6}.Release|Mixed Platforms.ActiveCfg = Release|Win32
		{8EF202FE-EF77-49E6-9E94-18204381CCF6}.Release|Mixed Platforms.Build.0 = Release|Win32
		{8EF202FE-EF77-49E6-9E94-18204381CCF6}.Release|Win32.ActiveCfg = Release|Win32
		{8EF202FE-EF77-49E6-9E94-18204381CCF6}.Release|Win32.Build.0 = Release|Win32
		{8EF202FE-EF77-49E6-9E94-18204381CCF6}.Release|x64.ActiveCfg = Unicode Release|x64
		{8EF202FE-EF77-49E6-9E94-18204381CCF6}.Release|x86.ActiveCfg = Release|Win32
		{8EF202FE-EF77-49E6-9E94-18204381CCF6}.Release-contrib|Mixed Platforms.ActiveCfg = Release|Win32
		{8EF202FE-EF77-49E6-9E94-18204381CCF6}.Release-contrib|Win32.ActiveCfg = Release|Win32
		{8EF202FE-EF77-49E6-9E94-18204381CCF6}.Release-contrib|x64.ActiveCfg = Unicode Release|x64
		{8EF202FE-EF77-49E6-9E94-18204381CCF6}.Release-contrib|x86.ActiveCfg = Release|Win32
		{8EF202FE-EF77-49E6-9E94-18204381CCF6}.Template|Mixed Platforms.ActiveCfg = Template|Win32
		{8EF202FE-EF77-49E6-9E94-18204381CCF6}.Template|Mixed Platforms.Build.0 = Template|Win32
		{8EF202FE-EF77-49E6-9E94-18204381CCF6}.Template|Win32.ActiveCfg = Template|Win32
		{8EF202FE-EF77-49E6-9E94-18204381CCF6}.Template|Win32.Build.0 = Template|Win32
		{8EF202FE-EF77-49E6-9E94-18204381CCF6}.Template|x64.ActiveCfg = Unicode Release|x64
		{8EF202FE-EF77-49E6-9E94-18204381CCF6}.Template|x86.ActiveCfg = Template|Win32
		{8EF202FE-EF77-49E6-9E94-18204381CCF6}.Unicode Debug|Mixed Platforms.ActiveCfg = Unicode Debug|Win32
		{8EF202FE-EF77-49E6-9E94-18204381CCF6}.Unicode Debug|Mixed Platforms.Build.0 = Unicode Debug|Win32
		{8EF202FE-EF77-49E6-9E94-18204381CCF6}.Unicode Debug|Win32.ActiveCfg = Unicode Debug|Win32
		{8EF202FE-EF77-49E6-9E94-18204381CCF6}.Unicode Debug|Win32.Build.0 = Unicode Debug|Win32
		{8EF202FE-EF77-49E6-9E94-18204381CCF6}.Unicode Debug|x64.ActiveCfg = Unicode Release|x64
		{8EF202FE-EF77-49E6-9E94-18204381CCF6}.Unicode Debug|x86.ActiveCfg = Unicode Debug|Win32
		{8EF202FE-EF77-49E6-9E94-18204381CCF6}.UnicodeRelease|Mixed Platforms.ActiveCfg = Unicode Release|x64
		{8EF202FE-EF77-49E6-9E94-18204381CCF6}.UnicodeRelease|Mixed Platforms.Build.0 = Unicode Release|x64
		{8EF202FE-EF77-49E6-9E94-18204381CCF6}.UnicodeRelease|Win32.ActiveCfg = Unicode Release|Win32
		{8EF202FE-EF77-49E6-9E94-18204381CCF6}.UnicodeRelease|Win32.Build.0 = Unicode Release|Win32
		{8EF202FE-EF77-49E6-9E94-18204381CCF6}.UnicodeRelease|x64.ActiveCfg = UnicodeRelease|x64
		{8EF202FE-EF77-49E6-9E94-18204381CCF6}.UnicodeRelease|x64.Build.0 = UnicodeRelease|x64
		{8EF202FE-EF77-49E6-9E94-18204381CCF6}.UnicodeRelease|x86.ActiveCfg = Unicode Release|Win32
		{681E5224-36EB-4A44-9343-23351DAAF89A}.Debug|Mixed Platforms.ActiveCfg = Debug|Win32
		{681E5224-36EB-4A44-9343-23351DAAF89A}.Debug|Mixed Platforms.Build.0 = Debug|Win32
		{681E5224-36EB-4A44-9343-23351DAAF89A}.Debug|Win32.ActiveCfg = Debug|Win32
		{681E5224-36EB-4A44-9343-23351DAAF89A}.Debug|Win32.Build.0 = Debug|Win32
		{681E5224-36EB-4A44-9343-23351DAAF89A}.Debug|x64.ActiveCfg = Debug|x64
		{681E5224-36EB-4A44-9343-23351DAAF89A}.Debug|x64.Build.0 = Debug|x64
		{681E5224-36EB-4A44-9343-23351DAAF89A}.Debug|x86.ActiveCfg = Debug|Win32
		{681E5224-36EB-4A44-9343-23351DAAF89A}.Debug-contrib|Mixed Platforms.ActiveCfg = Debug|Win32
		{681E5224-36EB-4A44-9343-23351DAAF89A}.Debug-contrib|Win32.ActiveCfg = Debug|Win32
		{681E5224-36EB-4A44-9343-23351DAAF89A}.Debug-contrib|x64.ActiveCfg = Debug|x64
		{681E5224-36EB-4A44-9343-23351DAAF89A}.Debug-contrib|x86.ActiveCfg = Debug|Win32
		{681E5224-36EB-4A44-9343-23351DAAF89A}.Debug-cups|Mixed Platforms.ActiveCfg = Debug|Win32
		{681E5224-36EB-4A44-9343-23351DAAF89A}.Debug-cups|Win32.ActiveCfg = Debug|Win32
		{681E5224-36EB-4A44-9343-23351DAAF89A}.Debug-cups|x64.ActiveCfg = Debug|x64
		{681E5224-36EB-4A44-9343-23351DAAF89A}.Debug-cups|x86.ActiveCfg = Debug|Win32
		{681E5224-36EB-4A44-9343-23351DAAF89A}.Memento|Mixed Platforms.ActiveCfg = Unicode Release|Win32
		{681E5224-36EB-4A44-9343-23351DAAF89A}.Memento|Win32.ActiveCfg = Unicode Release|Win32
		{681E5224-36EB-4A44-9343-23351DAAF89A}.Memento|x64.ActiveCfg = Unicode Release|x64
		{681E5224-36EB-4A44-9343-23351DAAF89A}.Memento|x86.ActiveCfg = Unicode Debug|Win32
		{681E5224-36EB-4A44-9343-23351DAAF89A}.Profile|Mixed Platforms.ActiveCfg = Unicode Release|Win32
		{681E5224-36EB-4A44-9343-23351DAAF89A}.Profile|Win32.ActiveCfg = Unicode Release|Win32
		{681E5224-36EB-4A44-9343-23351DAAF89A}.Profile|x64.ActiveCfg = Unicode Release|x64
		{681E5224-36EB-4A44-9343-23351DAAF89A}.Profile|x86.ActiveCfg = Unicode Debug|Win32
		{681E5224-36EB-4A44-9343-23351DAAF89A}.Release|Mixed Platforms.ActiveCfg = Release|Win32
		{681E5224-36EB-4A44-9343-23351DAAF89A}.Release|Mixed Platforms.Build.0 = Release|Win32
		{681E5224-36EB-4A44-9343-23351DAAF89A}.Release|Win32.ActiveCfg = Release|Win32
		{681E5224-36EB-4A44-9343-23351DAAF89A}.Release|Win32.Build.0 = Release|Win32
		{681E5224-36EB-4A44-9343-23351DAAF89A}.Release|x64.ActiveCfg = Unicode Release|x64
		{681E5224-36EB-4A44-9343-23351DAAF89A}.Release|x86.ActiveCfg = Release|Win32
		{681E5224-36EB-4A44-9343-23351DAAF89A}.Release-contrib|Mixed Platforms.ActiveCfg = Release|Win32
		{681E5224-36EB-4A44-9343-23351DAAF89A}.Release-contrib|Win32.ActiveCfg = Release|Win32
		{681E5224-36EB-4A44-9343-23351DAAF89A}.Release-contrib|x64.ActiveCfg = Unicode Release|x64
		{681E5224-36EB-4A44-9343-23351DAAF89A}.Release-contrib|x86.ActiveCfg = Release|Win32
		{681E5224-36EB-4A44-9343-23351DAAF89A}.Template|Mixed Platforms.ActiveCfg = Template|Win32
		{681E5224-36EB-4A44-9343-23351DAAF89A}.Template|Mixed Platforms.Build.0 = Template|Win32
		{681E5224-36EB-4A44-9343-23351DAAF89A}.Template|Win32.ActiveCfg = Template|Win32
		{681E5224-36EB-4A44-9343-23351DAAF89A}.Template|Win32.Build.0 = Template|Win32
		{681E5224-36EB-4A44-9343-23351DAAF89A}.Template|x64.ActiveCfg = Unicode Release|x64
		{681E5224-36EB-4A44-9343-23351DAAF89A}.Template|x86.ActiveCfg = Template|Win32
		{681E5224-36EB-4A44-9343-23351DAAF89A}.Unicode Debug|Mixed Platforms.ActiveCfg = Unicode Debug|Win32
		{681E5224-36EB-4A44-9343-23351DAAF89A}.Unicode Debug|Mixed Platforms.Build.0 = Unicode Debug|Win32
		{681E5224-36EB-4A44-9343-23351DAAF89A}.Unicode Debug|Win32.ActiveCfg = Unicode Debug|Win32
		{681E5224-36EB-4A44-9343-23351DAAF89A}.Unicode Debug|Win32.Build.0 = Unicode Debug|Win32
		{681E5224-36EB-4A44-9343-23351DAAF89A}.Unicode Debug|x64.ActiveCfg = Unicode Release|x64
		{681E5224-36EB-4A44-9343-23351DAAF89A}.Unicode Debug|x86.ActiveCfg = Unicode Debug|Win32
		{681E5224-36EB-4A44-9343-23351DAAF89A}.UnicodeRelease|Mixed Platforms.ActiveCfg = Unicode Release|x64
		{681E5224-36EB-4A44-9343-23351DAAF89A}.UnicodeRelease|Mixed Platforms.Build.0 = Unicode Release|x64
		{681E5224-36EB-4A44-9343-23351DAAF89A}.UnicodeRelease|Win32.ActiveCfg = Unicode Release|Win32
		{681E5224-36EB-4A44-9343-23351DAAF89A}.UnicodeRelease|Win32.Build.0 = Unicode Release|Win32
		{681E5224-36EB-4A44-9343-23351DAAF89A}.UnicodeRelease|x64.ActiveCfg = UnicodeRelease|x64
		{681E5224-36EB-4A44-9343-23351DAAF89A}.UnicodeRelease|x64.Build.0 = UnicodeRelease|x64
		{681E5224-36EB-4A44-9343-23351DAAF89A}.UnicodeRelease|x86.ActiveCfg = Unicode Release|Win32
		{E15E7434-4A92-4DAF-B2FD-CE68AFB3908E}.Debug|Mixed Platforms.ActiveCfg = Debug|Win32
		{E15E7434-4A92-4DAF-B2FD-CE68AFB3908E}.Debug|Mixed Platforms.Build.0 = Debug|Win32
		{E15E7434-4A92-4DAF-B2FD-CE68AFB3908E}.Debug|Win32.ActiveCfg = Debug|Win32
		{E15E7434-4A92-4DAF-B2FD-CE68AFB3908E}.Debug|Win32.Build.0 = Debug|Win32
		{E15E7434-4A92-4DAF-B2FD-CE68AFB3908E}.Debug|x64.ActiveCfg = Debug|x64
		{E15E7434-4A92-4DAF-B2FD-CE68AFB3908E}.Debug|x64.Build.0 = Debug|x64
		{E15E7434-4A92-4DAF-B2FD-CE68AFB3908E}.Debug|x86.ActiveCfg = Debug|Win32
		{E15E7434-4A92-4DAF-B2FD-CE68AFB3908E}.Debug-contrib|Mixed Platforms.ActiveCfg = Debug|Win32
		{E15E7434-4A92-4DAF-B2FD-CE68AFB3908E}.Debug-contrib|Win32.ActiveCfg = Debug|Win32
		{E15E7434-4A92-4DAF-B2FD-CE68AFB3908E}.Debug-contrib|x64.ActiveCfg = Debug|x64
		{E15E7434-4A92-4DAF-B2FD-CE68AFB3908E}.Debug-contrib|x86.ActiveCfg = Debug|Win32
		{E15E7434-4A92-4DAF-B2FD-CE68AFB3908E}.Debug-cups|Mixed Platforms.ActiveCfg = Debug|Win32
		{E15E7434-4A92-4DAF-B2FD-CE68AFB3908E}.Debug-cups|Win32.ActiveCfg = Debug|Win32
		{E15E7434-4A92-4DAF-B2FD-CE68AFB3908E}.Debug-cups|x64.ActiveCfg = Debug|x64
		{E15E7434-4A92-4DAF-B2FD-CE68AFB3908E}.Debug-cups|x86.ActiveCfg = Debug|Win32
		{E15E7434-4A92-4DAF-B2FD-CE68AFB3908E}.Memento|Mixed Platforms.ActiveCfg = Unicode Release|Win32
		{E15E7434-4A92-4DAF-B2FD-CE68AFB3908E}.Memento|Win32.ActiveCfg = Unicode Release|Win32
		{E15E7434-4A92-4DAF-B2FD-CE68AFB3908E}.Memento|x64.ActiveCfg = Unicode Release|x64
		{E15E7434-4A92-4DAF-B2FD-CE68AFB3908E}.Memento|x86.ActiveCfg = Unicode Debug|Win32
		{E15E7434-4A92-4DAF-B2FD-CE68AFB3908E}.Profile|Mixed Platforms.ActiveCfg = Unicode Release|Win32
		{E15E7434-4A92-4DAF-B2FD-CE68AFB3908E}.Profile|Win32.ActiveCfg = Unicode Release|Win32
		{E15E7434-4A92-4DAF-B2FD-CE68AFB3908E}.Profile|x64.ActiveCfg = Unicode Release|x64
		{E15E7434-4A92-4DAF-B2FD-CE68AFB3908E}.Profile|x86.ActiveCfg = Unicode Debug|Win32
		{E15E7434-4A92-4DAF-B2FD-CE68AFB3908E}.Release|Mixed Platforms.ActiveCfg = Release|Win32
		{E15E7434-4A92-4DAF-B2FD-CE68AFB3908E}.Release|Mixed Platforms.Build.0 = Release|Win32
		{E15E7434-4A92-4DAF-B2FD-CE68AFB3908E}.Release|Win32.ActiveCfg = Release|Win32
		{E15E7434-4A92-4DAF-B2FD-CE68AFB3908E}.Release|Win32.Build.0 = Release|Win32
		{E15E7434-4A92-4DAF-B2FD-CE68AFB3908E}.Release|x64.ActiveCfg = Unicode Release|x64
		{E15E7434-4A92-4DAF-B2FD-CE68AFB3908E}.Release|x86.ActiveCfg = Release|Win32
		{E15E7434-4A92-4DAF-B2FD-CE68AFB3908E}.Release-contrib|Mixed Platforms.ActiveCfg = Release|Win32
		{E15E7434-4A92-4DAF-B2FD-CE68AFB3908E}.Release-contrib|Win32.ActiveCfg = Release|Win32
		{E15E7434-4A92-4DAF-B2FD-CE68AFB3908E}.Release-contrib|x64.ActiveCfg = Unicode Release|x64
		{E15E7434-4A92-4DAF-B2FD-CE68AFB3908E}.Release-contrib|x86.ActiveCfg = Release|Win32
		{E15E7434-4A92-4DAF-B2FD-CE68AFB3908E}.Template|Mixed Platforms.ActiveCfg = Template|Win32
		{E15E7434-4A92-4DAF-B2FD-CE68AFB3908E}.Template|Mixed Platforms.Build.0 = Template|Win32
		{E15E7434-4A92-4DAF-B2FD-CE68AFB3908E}.Template|Win32.ActiveCfg = Template|Win32
		{E15E7434-4A92-4DAF-B2FD-CE68AFB3908E}.Template|Win32.Build.0 = Template|Win32
		{E15E7434-4A92-4DAF-B2FD-CE68AFB3908E}.Template|x64.ActiveCfg = Unicode Release|x64
		{E15E7434-4A92-4DAF-B2FD-CE68AFB3908E}.Template|x86.ActiveCfg = Template|Win32
		{E15E7434-4A92-4DAF-B2FD-CE68AFB3908E}.Unicode Debug|Mixed Platforms.ActiveCfg = Unicode Debug|Win32
		{E15E7434-4A92-4DAF-B2FD-CE68AFB3908E}.Unicode Debug|Mixed Platforms.Build.0 = Unicode Debug|Win32
		{E15E7434-4A92-4DAF-B2FD-CE68AFB3908E}.Unicode Debug|Win32.ActiveCfg = Unicode Debug|Win32
		{E15E7434-4A92-4DAF-B2FD-CE68AFB3908E}.Unicode Debug|Win32.Build.0 = Unicode Debug|Win32
		{E15E7434-4A92-4DAF-B2FD-CE68AFB3908E}.Unicode Debug|x64.ActiveCfg = Unicode Release|x64
		{E15E7434-4A92-4DAF-B2FD-CE68AFB3908E}.Unicode Debug|x86.ActiveCfg = Unicode Debug|Win32
		{E15E7434-4A92-4DAF-B2FD-CE68AFB3908E}.UnicodeRelease|Mixed Platforms.ActiveCfg = Unicode Release|x64
		{E15E7434-4A92-4DAF-B2FD-CE68AFB3908E}.UnicodeRelease|Mixed Platforms.Build.0 = Unicode Release|x64
		{E15E7434-4A92-4DAF-B2FD-CE68AFB3908E}.UnicodeRelease|Win32.ActiveCfg = Unicode Release|Win32
		{E15E7434-4A92-4DAF-B2FD-CE68AFB3908E}.UnicodeRelease|Win32.Build.0 = Unicode Release|Win32
		{E15E7434-4A92-4DAF-B2FD-CE68AFB3908E}.UnicodeRelease|x64.ActiveCfg = UnicodeRelease|x64
		{E15E7434-4A92-4DAF-B2FD-CE68AFB3908E}.UnicodeRelease|x64.Build.0 = UnicodeRelease|x64
		{E15E7434-4A92-4DAF-B2FD-CE68AFB3908E}.UnicodeRelease|x86.ActiveCfg = Unicode Release|Win32
		{28D45F50-9CF3-4175-ADA5-3FF7F34EC225}.Debug|Mixed Platforms.ActiveCfg = Debug|Win32
		{28D45F50-9CF3-4175-ADA5-3FF7F34EC225}.Debug|Mixed Platforms.Build.0 = Debug|Win32
		{28D45F50-9CF3-4175-ADA5-3FF7F34EC225}.Debug|Win32.ActiveCfg = Debug|Win32
		{28D45F50-9CF3-4175-ADA5-3FF7F34EC225}.Debug|Win32.Build.0 = Debug|Win32
		{28D45F50-9CF3-4175-ADA5-3FF7F34EC225}.Debug|x64.ActiveCfg = Debug|x64
		{28D45F50-9CF3-4175-ADA5-3FF7F34EC225}.Debug|x64.Build.0 = Debug|x64
		{28D45F50-9CF3-4175-ADA5-3FF7F34EC225}.Debug|x86.ActiveCfg = Debug|Win32
		{28D45F50-9CF3-4175-ADA5-3FF7F34EC225}.Debug-contrib|Mixed Platforms.ActiveCfg = Debug|Win32
		{28D45F50-9CF3-4175-ADA5-3FF7F34EC225}.Debug-contrib|Win32.ActiveCfg = Debug|Win32
		{28D45F50-9CF3-4175-ADA5-3FF7F34EC225}.Debug-contrib|x64.ActiveCfg = Debug|x64
		{28D45F50-9CF3-4175-ADA5-3FF7F34EC225}.Debug-contrib|x86.ActiveCfg = Debug|Win32
		{28D45F50-9CF3-4175-ADA5-3FF7F34EC225}.Debug-cups|Mixed Platforms.ActiveCfg = Debug|Win32
		{28D45F50-9CF3-4175-ADA5-3FF7F34EC225}.Debug-cups|Win32.ActiveCfg = Debug|Win32
		{28D45F50-9CF3-4175-ADA5-3FF7F34EC225}.Debug-cups|x64.ActiveCfg = Debug|x64
		{28D45F50-9CF3-4175-ADA5-3FF7F34EC225}.Debug-cups|x86.ActiveCfg = Debug|Win32
		{28D45F50-9CF3-4175-ADA5-3FF7F34EC225}.Memento|Mixed Platforms.ActiveCfg = Unicode Release|Win32
		{28D45F50-9CF3-4175-ADA5-3FF7F34EC225}.Memento|Win32.ActiveCfg = Unicode Release|Win32
		{28D45F50-9CF3-4175-ADA5-3FF7F34EC225}.Memento|x64.ActiveCfg = Unicode Release|x64
		{28D45F50-9CF3-4175-ADA5-3FF7F34EC225}.Memento|x86.ActiveCfg = Unicode Debug|Win32
		{28D45F50-9CF3-4175-ADA5-3FF7F34EC225}.Profile|Mixed Platforms.ActiveCfg = Unicode Release|Win32
		{28D45F50-9CF3-4175-ADA5-3FF7F34EC225}.Profile|Win32.ActiveCfg = Unicode Release|Win32
		{28D45F50-9CF3-4175-ADA5-3FF7F34EC225}.Profile|x64.ActiveCfg = Unicode Release|x64
		{28D45F50-9CF3-4175-ADA5-3FF7F34EC225}.Profile|x86.ActiveCfg = Unicode Debug|Win32
		{28D45F50-9CF3-4175-ADA5-3FF7F34EC225}.Release|Mixed Platforms.ActiveCfg = Release|Win32
		{28D45F50-9CF3-4175-ADA5-3FF7F34EC225}.Release|Mixed Platforms.Build.0 = Release|Win32
		{28D45F50-9CF3-4175-ADA5-3FF7F34EC225}.Release|Win32.ActiveCfg = Release|Win32
		{28D45F50-9CF3-4175-ADA5-3FF7F34EC225}.Release|Win32.Build.0 = Release|Win32
		{28D45F50-9CF3-4175-ADA5-3FF7F34EC225}.Release|x64.ActiveCfg = Unicode Release|x64
		{28D45F50-9CF3-4175-ADA5-3FF7F34EC225}.Release|x86.ActiveCfg = Release|Win32
		{28D45F50-9CF3-4175-ADA5-3FF7F34EC225}.Release-contrib|Mixed Platforms.ActiveCfg = Release|Win32
		{28D45F50-9CF3-4175-ADA5-3FF7F34EC225}.Release-contrib|Win32.ActiveCfg = Release|Win32
		{28D45F50-9CF3-4175-ADA5-3FF7F34EC225}.Release-contrib|x64.ActiveCfg = Unicode Release|x64
		{28D45F50-9CF3-4175-ADA5-3FF7F34EC225}.Release-contrib|x86.ActiveCfg = Release|Win32
		{28D45F50-9CF3-4175-ADA5-3FF7F34EC225}.Template|Mixed Platforms.ActiveCfg = Template|Win32
		{28D45F50-9CF3-4175-ADA5-3FF7F34EC225}.Template|Mixed Platforms.Build.0 = Template|Win32
		{28D45F50-9CF3-4175-ADA5-3FF7F34EC225}.Template|Win32.ActiveCfg = Template|Win32
		{28D45F50-9CF3-4175-ADA5-3FF7F34EC225}.Template|Win32.Build.0 = Template|Win32
		{28D45F50-9CF3-4175-ADA5-3FF7F34EC225}.Template|x64.ActiveCfg = Unicode Release|x64
		{28D45F50-9CF3-4175-ADA5-3FF7F34EC225}.Template|x86.ActiveCfg = Template|Win32
		{28D45F50-9CF3-4175-ADA5-3FF7F34EC225}.Unicode Debug|Mixed Platforms.ActiveCfg = Unicode Debug|Win32
		{28D45F50-9CF3-4175-ADA5-3FF7F34EC225}.Unicode Debug|Mixed Platforms.Build.0 = Unicode Debug|Win32
		{28D45F50-9CF3-4175-ADA5-3FF7F34EC225}.Unicode Debug|Win32.ActiveCfg = Unicode Debug|Win32
		{28D45F50-9CF3-4175-ADA5-3FF7F34EC225}.Unicode Debug|Win32.Build.0 = Unicode Debug|Win32
		{28D45F50-9CF3-4175-ADA5-3FF7F34EC225}.Unicode Debug|x64.ActiveCfg = Unicode Release|x64
		{28D45F50-9CF3-4175-ADA5-3FF7F34EC225}.Unicode Debug|x86.ActiveCfg = Unicode Debug|Win32
		{28D45F50-9CF3-4175-ADA5-3FF7F34EC225}.UnicodeRelease|Mixed Platforms.ActiveCfg = Unicode Release|x64
		{28D45F50-9CF3-4175-ADA5-3FF7F34EC225}.UnicodeRelease|Mixed Platforms.Build.0 = Unicode Release|x64
		{28D45F50-9CF3-4175-ADA5-3FF7F34EC225}.UnicodeRelease|Win32.ActiveCfg = Unicode Release|Win32
		{28D45F50-9CF3-4175-ADA5-3FF7F34EC225}.UnicodeRelease|Win32.Build.0 = Unicode Release|Win32
		{28D45F50-9CF3-4175-ADA5-3FF7F34EC225}.UnicodeRelease|x64.ActiveCfg = UnicodeRelease|x64
		{28D45F50-9CF3-4175-ADA5-3FF7F34EC225}.UnicodeRelease|x64.Build.0 = UnicodeRelease|x64
		{28D45F50-9CF3-4175-ADA5-3FF7F34EC225}.UnicodeRelease|x86.ActiveCfg = Unicode Release|Win32
		{3D82F746-FE45-4FB4-9A50-A47EE79AEC1A}.Debug|Mixed Platforms.ActiveCfg = Debug|Win32
		{3D82F746-FE45-4FB4-9A50-A47EE79AEC1A}.Debug|Mixed Platforms.Build.0 = Debug|Win32
		{3D82F746-FE45-4FB4-9A50-A47EE79AEC1A}.Debug|Win32.ActiveCfg = Debug|Win32
		{3D82F746-FE45-4FB4-9A50-A47EE79AEC1A}.Debug|Win32.Build.0 = Debug|Win32
		{3D82F746-FE45-4FB4-9A50-A47EE79AEC1A}.Debug|x64.ActiveCfg = Debug|x64
		{3D82F746-FE45-4FB4-9A50-A47EE79AEC1A}.Debug|x64.Build.0 = Debug|x64
		{3D82F746-FE45-4FB4-9A50-A47EE79AEC1A}.Debug|x86.ActiveCfg = Debug|Win32
		{3D82F746-FE45-4FB4-9A50-A47EE79AEC1A}.Debug-contrib|Mixed Platforms.ActiveCfg = Debug|Win32
		{3D82F746-FE45-4FB4-9A50-A47EE79AEC1A}.Debug-contrib|Win32.ActiveCfg = Debug|Win32
		{3D82F746-FE45-4FB4-9A50-A47EE79AEC1A}.Debug-contrib|x64.ActiveCfg = Debug|x64
		{3D82F746-FE45-4FB4-9A50-A47EE79AEC1A}.Debug-contrib|x86.ActiveCfg = Debug|Win32
		{3D82F746-FE45-4FB4-9A50-A47EE79AEC1A}.Debug-cups|Mixed Platforms.ActiveCfg = Debug|Win32
		{3D82F746-FE45-4FB4-9A50-A47EE79AEC1A}.Debug-cups|Win32.ActiveCfg = Debug|Win32
		{3D82F746-FE45-4FB4-9A50-A47EE79AEC1A}.Debug-cups|x64.ActiveCfg = Debug|x64
		{3D82F746-FE45-4FB4-9A50-A47EE79AEC1A}.Debug-cups|x86.ActiveCfg = Debug|Win32
		{3D82F746-FE45-4FB4-9A50-A47EE79AEC1A}.Memento|Mixed Platforms.ActiveCfg = Unicode Release|Win32
		{3D82F746-FE45-4FB4-9A50-A47EE79AEC1A}.Memento|Win32.ActiveCfg = Unicode Release|Win32
		{3D82F746-FE45-4FB4-9A50-A47EE79AEC1A}.Memento|x64.ActiveCfg = Unicode Release|x64
		{3D82F746-FE45-4FB4-9A50-A47EE79AEC1A}.Memento|x86.ActiveCfg = Unicode Debug|Win32
		{3D82F746-FE45-4FB4-9A50-A47EE79AEC1A}.Profile|Mixed Platforms.ActiveCfg = Unicode Release|Win32
		{3D82F746-FE45-4FB4-9A50-A47EE79AEC1A}.Profile|Win32.ActiveCfg = Unicode Release|Win32
		{3D82F746-FE45-4FB4-9A50-A47EE79AEC1A}.Profile|x64.ActiveCfg = Unicode Release|x64
		{3D82F746-FE45-4FB4-9A50-A47EE79AEC1A}.Profile|x86.ActiveCfg = Unicode Debug|Win32
		{3D82F746-FE45-4FB4-9A50-A47EE79AEC1A}.Release|Mixed Platforms.ActiveCfg = Release|Win32
		{3D82F746-FE45-4FB4-9A50-A47EE79AEC1A}.Release|Mixed Platforms.Build.0 = Release|Win32
		{3D82F746-FE45-4FB4-9A50-A47EE79AEC1A}.Release|Win32.ActiveCfg = Release|Win32
		{3D82F746-FE45-4FB4-9A50-A47EE79AEC1A}.Release|Win32.Build.0 = Release|Win32
		{3D82F746-FE45-4FB4-9A50-A47EE79AEC1A}.Release|x64.ActiveCfg = Unicode Release|x64
		{3D82F746-FE45-4FB4-9A50-A47EE79AEC1A}.Release|x86.ActiveCfg = Release|Win32
		{3D82F746-FE45-4FB4-9A50-A47EE79AEC1A}.Release-contrib|Mixed Platforms.ActiveCfg = Release|Win32
		{3D82F746-FE45-4FB4-9A50-A47EE79AEC1A}.Release-contrib|Win32.ActiveCfg = Release|Win32
		{3D82F746-FE45-4FB4-9A50-A47EE79AEC1A}.Release-contrib|x64.ActiveCfg = Unicode Release|x64
		{3D82F746-FE45-4FB4-9A50-A47EE79AEC1A}.Release-contrib|x86.ActiveCfg = Release|Win32
		{3D82F746-FE45-4FB4-9A50-A47EE79AEC1A}.Template|Mixed Platforms.ActiveCfg = Template|Win32
		{3D82F746-FE45-4FB4-9A50-A47EE79AEC1A}.Template|Mixed Platforms.Build.0 = Template|Win32
		{3D82F746-FE45-4FB4-9A50-A47EE79AEC1A}.Template|Win32.ActiveCfg = Template|Win32
		{3D82F746-FE45-4FB4-9A50-A47EE79AEC1A}.Template|Win32.Build.0 = Template|Win32
		{3D82F746-FE45-4FB4-9A50-A47EE79AEC1A}.Template|x64.ActiveCfg = Unicode Release|x64
		{3D82F746-FE45-4FB4-9A50-A47EE79AEC1A}.Template|x86.ActiveCfg = Template|Win32
		{3D82F746-FE45-4FB4-9A50-A47EE79AEC1A}.Unicode Debug|Mixed Platforms.ActiveCfg = Unicode Debug|Win32
		{3D82F746-FE45-4FB4-9A50-A47EE79AEC1A}.Unicode Debug|Mixed Platforms.Build.0 = Unicode Debug|Win32
		{3D82F746-FE45-4FB4-9A50-A47EE79AEC1A}.Unicode Debug|Win32.ActiveCfg = Unicode Debug|Win32
		{3D82F746-FE45-4FB4-9A50-A47EE79AEC1A}.Unicode Debug|Win32.Build.0 = Unicode Debug|Win32
		{3D82F746-FE45-4FB4-9A50-A47EE79AEC1A}.Unicode Debug|x64.ActiveCfg = Unicode Release|x64
		{3D82F746-FE45-4FB4-9A50-A47EE79AEC1A}.Unicode Debug|x86.ActiveCfg = Unicode Debug|Win32
		{3D82F746-FE45-4FB4-9A50-A47EE79AEC1A}.UnicodeRelease|Mixed Platforms.ActiveCfg = Unicode Release|x64
		{3D82F746-FE45-4FB4-9A50-A47EE79AEC1A}.UnicodeRelease|Mixed Platforms.Build.0 = Unicode Release|x64
		{3D82F746-FE45-4FB4-9A50-A47EE79AEC1A}.UnicodeRelease|Win32.ActiveCfg = Unicode Release|Win32
		{3D82F746-FE45-4FB4-9A50-A47EE79AEC1A}.UnicodeRelease|Win32.Build.0 = Unicode Release|Win32
		{3D82F746-FE45-4FB4-9A50-A47EE79AEC1A}.UnicodeRelease|x64.ActiveCfg = UnicodeRelease|x64
		{3D82F746-FE45-4FB4-9A50-A47EE79AEC1A}.UnicodeRelease|x64.Build.0 = UnicodeRelease|x64
		{3D82F746-FE45-4FB4-9A50-A47EE79AEC1A}.UnicodeRelease|x86.ActiveCfg = Unicode Release|Win32
		{BB6DC810-EC67-417D-AB50-D85183C1820D}.Debug|Mixed Platforms.ActiveCfg = Debug|Win32
		{BB6DC810-EC67-417D-AB50-D85183C1820D}.Debug|Mixed Platforms.Build.0 = Debug|Win32
		{BB6DC810-EC67-417D-AB50-D85183C1820D}.Debug|Win32.ActiveCfg = Debug|Win32
		{BB6DC810-EC67-417D-AB50-D85183C1820D}.Debug|Win32.Build.0 = Debug|Win32
		{BB6DC810-EC67-417D-AB50-D85183C1820D}.Debug|x64.ActiveCfg = Debug|x64
		{BB6DC810-EC67-417D-AB50-D85183C1820D}.Debug|x64.Build.0 = Debug|x64
		{BB6DC810-EC67-417D-AB50-D85183C1820D}.Debug|x86.ActiveCfg = Debug|Win32
		{BB6DC810-EC67-417D-AB50-D85183C1820D}.Debug-contrib|Mixed Platforms.ActiveCfg = Debug|Win32
		{BB6DC810-EC67-417D-AB50-D85183C1820D}.Debug-contrib|Win32.ActiveCfg = Debug|Win32
		{BB6DC810-EC67-417D-AB50-D85183C1820D}.Debug-contrib|x64.ActiveCfg = Debug|x64
		{BB6DC810-EC67-417D-AB50-D85183C1820D}.Debug-contrib|x86.ActiveCfg = Debug|Win32
		{BB6DC810-EC67-417D-AB50-D85183C1820D}.Debug-cups|Mixed Platforms.ActiveCfg = Debug|Win32
		{BB6DC810-EC67-417D-AB50-D85183C1820D}.Debug-cups|Win32.ActiveCfg = Debug|Win32
		{BB6DC810-EC67-417D-AB50-D85183C1820D}.Debug-cups|x64.ActiveCfg = Debug|x64
		{BB6DC810-EC67-417D-AB50-D85183C1820D}.Debug-cups|x86.ActiveCfg = Debug|Win32
		{BB6DC810-EC67-417D-AB50-D85183C1820D}.Memento|Mixed Platforms.ActiveCfg = Unicode Release|Win32
		{BB6DC810-EC67-417D-AB50-D85183C1820D}.Memento|Win32.ActiveCfg = Unicode Release|Win32
		{BB6DC810-EC67-417D-AB50-D85183C1820D}.Memento|x64.ActiveCfg = Unicode Release|x64
		{BB6DC810-EC67-417D-AB50-D85183C1820D}.Memento|x86.ActiveCfg = Unicode Debug|Win32
		{BB6DC810-EC67-417D-AB50-D85183C1820D}.Profile|Mixed Platforms.ActiveCfg = Unicode Release|Win32
		{BB6DC810-EC67-417D-AB50-D85183C1820D}.Profile|Win32.ActiveCfg = Unicode Release|Win32
		{BB6DC810-EC67-417D-AB50-D85183C1820D}.Profile|x64.ActiveCfg = Unicode Release|x64
		{BB6DC810-EC67-417D-AB50-D85183C1820D}.Profile|x86.ActiveCfg = Unicode Debug|Win32
		{BB6DC810-EC67-417D-AB50-D85183C1820D}.Release|Mixed Platforms.ActiveCfg = Release|Win32
		{BB6DC810-EC67-417D-AB50-D85183C1820D}.Release|Mixed Platforms.Build.0 = Release|Win32
		{BB6DC810-EC67-417D-AB50-D85183C1820D}.Release|Win32.ActiveCfg = Release|Win32
		{BB6DC810-EC67-417D-AB50-D85183C1820D}.Release|Win32.Build.0 = Release|Win32
		{BB6DC810-EC67-417D-AB50-D85183C1820D}.Release|x64.ActiveCfg = Unicode Release|x64
		{BB6DC810-EC67-417D-AB50-D85183C1820D}.Release|x86.ActiveCfg = Release|Win32
		{BB6DC810-EC67-417D-AB50-D85183C1820D}.Release-contrib|Mixed Platforms.ActiveCfg = Release|Win32
		{BB6DC810-EC67-417D-AB50-D85183C1820D}.Release-contrib|Win32.ActiveCfg = Release|Win32
		{BB6DC810-EC67-417D-AB50-D85183C1820D}.Release-contrib|x64.ActiveCfg = Unicode Release|x64
		{BB6DC810-EC67-417D-AB50-D85183C1820D}.Release-contrib|x86.ActiveCfg = Release|Win32
		{BB6DC810-EC67-417D-AB50-D85183C1820D}.Template|Mixed Platforms.ActiveCfg = Template|Win32
		{BB6DC810-EC67-417D-AB50-D85183C1820D}.Template|Mixed Platforms.Build.0 = Template|Win32
		{BB6DC810-EC67-417D-AB50-D85183C1820D}.Template|Win32.ActiveCfg = Template|Win32
		{BB6DC810-EC67-417D-AB50-D85183C1820D}.Template|Win32.Build.0 = Template|Win32
		{BB6DC810-EC67-417D-AB50-D85183C1820D}.Template|x64.ActiveCfg = Unicode Release|x64
		{BB6DC810-EC67-417D-AB50-D85183C1820D}.Template|x86.ActiveCfg = Template|Win32
		{BB6DC810-EC67-417D-AB50-D85183C1820D}.Unicode Debug|Mixed Platforms.ActiveCfg = Unicode Debug|Win32
		{BB6DC810-EC67-417D-AB50-D85183C1820D}.Unicode Debug|Mixed Platforms.Build.0 = Unicode Debug|Win32
		{BB6DC810-EC67-417D-AB50-D85183C1820D}.Unicode Debug|Win32.ActiveCfg = Unicode Debug|Win32
		{BB6DC810-EC67-417D-AB50-D85183C1820D}.Unicode Debug|Win32.Build.0 = Unicode Debug|Win32
		{BB6DC810-EC67-417D-AB50-D85183C1820D}.Unicode Debug|x64.ActiveCfg = Unicode Release|x64
		{BB6DC810-EC67-417D-AB50-D85183C1820D}.Unicode Debug|x86.ActiveCfg = Unicode Debug|Win32
		{BB6DC810-EC67-417D-AB50-D85183C1820D}.UnicodeRelease|Mixed Platforms.ActiveCfg = Unicode Release|x64
		{BB6DC810-EC67-417D-AB50-D85183C1820D}.UnicodeRelease|Mixed Platforms.Build.0 = Unicode Release|x64
		{BB6DC810-EC67-417D-AB50-D85183C1820D}.UnicodeRelease|Win32.ActiveCfg = Unicode Release|Win32
		{BB6DC810-EC67-417D-AB50-D85183C1820D}.UnicodeRelease|Win32.Build.0 = Unicode Release|Win32
		{BB6DC810-EC67-417D-AB50-D85183C1820D}.UnicodeRelease|x64.ActiveCfg = UnicodeRelease|x64
		{BB6DC810-EC67-417D-AB50-D85183C1820D}.UnicodeRelease|x64.Build.0 = UnicodeRelease|x64
		{BB6DC810-EC67-417D-AB50-D85183C1820D}.UnicodeRelease|x86.ActiveCfg = Unicode Release|Win32
		{F1CA984E-922E-4FC6-8EFB-7B36A7E2DAF8}.Debug|Mixed Platforms.ActiveCfg = Debug|Win32
		{F1CA984E-922E-4FC6-8EFB-7B36A7E2DAF8}.Debug|Mixed Platforms.Build.0 = Debug|Win32
		{F1CA984E-922E-4FC6-8EFB-7B36A7E2DAF8}.Debug|Win32.ActiveCfg = Debug|Win32
		{F1CA984E-922E-4FC6-8EFB-7B36A7E2DAF8}.Debug|Win32.Build.0 = Debug|Win32
		{F1CA984E-922E-4FC6-8EFB-7B36A7E2DAF8}.Debug|x64.ActiveCfg = Debug|x64
		{F1CA984E-922E-4FC6-8EFB-7B36A7E2DAF8}.Debug|x64.Build.0 = Debug|x64
		{F1CA984E-922E-4FC6-8EFB-7B36A7E2DAF8}.Debug|x86.ActiveCfg = Debug|Win32
		{F1CA984E-922E-4FC6-8EFB-7B36A7E2DAF8}.Debug-contrib|Mixed Platforms.ActiveCfg = Debug|Win32
		{F1CA984E-922E-4FC6-8EFB-7B36A7E2DAF8}.Debug-contrib|Win32.ActiveCfg = Debug|Win32
		{F1CA984E-922E-4FC6-8EFB-7B36A7E2DAF8}.Debug-contrib|x64.ActiveCfg = Debug|x64
		{F1CA984E-922E-4FC6-8EFB-7B36A7E2DAF8}.Debug-contrib|x86.ActiveCfg = Debug|Win32
		{F1CA984E-922E-4FC6-8EFB-7B36A7E2DAF8}.Debug-cups|Mixed Platforms.ActiveCfg = Debug|Win32
		{F1CA984E-922E-4FC6-8EFB-7B36A7E2DAF8}.Debug-cups|Win32.ActiveCfg = Debug|Win32
		{F1CA984E-922E-4FC6-8EFB-7B36A7E2DAF8}.Debug-cups|x64.ActiveCfg = Debug|x64
		{F1CA984E-922E-4FC6-8EFB-7B36A7E2DAF8}.Debug-cups|x86.ActiveCfg = Debug|Win32
		{F1CA984E-922E-4FC6-8EFB-7B36A7E2DAF8}.Memento|Mixed Platforms.ActiveCfg = Unicode Release|Win32
		{F1CA984E-922E-4FC6-8EFB-7B36A7E2DAF8}.Memento|Win32.ActiveCfg = Unicode Release|Win32
		{F1CA984E-922E-4FC6-8EFB-7B36A7E2DAF8}.Memento|x64.ActiveCfg = Release|x64
		{F1CA984E-922E-4FC6-8EFB-7B36A7E2DAF8}.Memento|x86.ActiveCfg = Template|Win32
		{F1CA984E-922E-4FC6-8EFB-7B36A7E2DAF8}.Profile|Mixed Platforms.ActiveCfg = Unicode Release|Win32
		{F1CA984E-922E-4FC6-8EFB-7B36A7E2DAF8}.Profile|Win32.ActiveCfg = Unicode Release|Win32
		{F1CA984E-922E-4FC6-8EFB-7B36A7E2DAF8}.Profile|x64.ActiveCfg = Release|x64
		{F1CA984E-922E-4FC6-8EFB-7B36A7E2DAF8}.Profile|x86.ActiveCfg = Template|Win32
		{F1CA984E-922E-4FC6-8EFB-7B36A7E2DAF8}.Release|Mixed Platforms.ActiveCfg = Release|Win32
		{F1CA984E-922E-4FC6-8EFB-7B36A7E2DAF8}.Release|Mixed Platforms.Build.0 = Release|Win32
		{F1CA984E-922E-4FC6-8EFB-7B36A7E2DAF8}.Release|Win32.ActiveCfg = Release|Win32
		{F1CA984E-922E-4FC6-8EFB-7B36A7E2DAF8}.Release|Win32.Build.0 = Release|Win32
		{F1CA984E-922E-4FC6-8EFB-7B36A7E2DAF8}.Release|x64.ActiveCfg = Unicode Release|x64
		{F1CA984E-922E-4FC6-8EFB-7B36A7E2DAF8}.Release|x86.ActiveCfg = Release|Win32
		{F1CA984E-922E-4FC6-8EFB-7B36A7E2DAF8}.Release-contrib|Mixed Platforms.ActiveCfg = Release|Win32
		{F1CA984E-922E-4FC6-8EFB-7B36A7E2DAF8}.Release-contrib|Win32.ActiveCfg = Release|Win32
		{F1CA984E-922E-4FC6-8EFB-7B36A7E2DAF8}.Release-contrib|x64.ActiveCfg = Release|x64
		{F1CA984E-922E-4FC6-8EFB-7B36A7E2DAF8}.Release-contrib|x86.ActiveCfg = Release|Win32
		{F1CA984E-922E-4FC6-8EFB-7B36A7E2DAF8}.Template|Mixed Platforms.ActiveCfg = Template|Win32
		{F1CA984E-922E-4FC6-8EFB-7B36A7E2DAF8}.Template|Mixed Platforms.Build.0 = Template|Win32
		{F1CA984E-922E-4FC6-8EFB-7B36A7E2DAF8}.Template|Win32.ActiveCfg = Template|Win32
		{F1CA984E-922E-4FC6-8EFB-7B36A7E2DAF8}.Template|Win32.Build.0 = Template|Win32
		{F1CA984E-922E-4FC6-8EFB-7B36A7E2DAF8}.Template|x64.ActiveCfg = Release|x64
		{F1CA984E-922E-4FC6-8EFB-7B36A7E2DAF8}.Template|x86.ActiveCfg = Template|Win32
		{F1CA984E-922E-4FC6-8EFB-7B36A7E2DAF8}.Unicode Debug|Mixed Platforms.ActiveCfg = Unicode Release|Win32
		{F1CA984E-922E-4FC6-8EFB-7B36A7E2DAF8}.Unicode Debug|Mixed Platforms.Build.0 = Unicode Release|Win32
		{F1CA984E-922E-4FC6-8EFB-7B36A7E2DAF8}.Unicode Debug|Win32.ActiveCfg = Debug|Win32
		{F1CA984E-922E-4FC6-8EFB-7B36A7E2DAF8}.Unicode Debug|Win32.Build.0 = Debug|Win32
		{F1CA984E-922E-4FC6-8EFB-7B36A7E2DAF8}.Unicode Debug|x64.ActiveCfg = Release|x64
		{F1CA984E-922E-4FC6-8EFB-7B36A7E2DAF8}.Unicode Debug|x86.ActiveCfg = Unicode Release|Win32
		{F1CA984E-922E-4FC6-8EFB-7B36A7E2DAF8}.UnicodeRelease|Mixed Platforms.ActiveCfg = Unicode Release|x64
		{F1CA984E-922E-4FC6-8EFB-7B36A7E2DAF8}.UnicodeRelease|Mixed Platforms.Build.0 = Unicode Release|x64
		{F1CA984E-922E-4FC6-8EFB-7B36A7E2DAF8}.UnicodeRelease|Win32.ActiveCfg = Unicode Release|Win32
		{F1CA984E-922E-4FC6-8EFB-7B36A7E2DAF8}.UnicodeRelease|Win32.Build.0 = Unicode Release|Win32
		{F1CA984E-922E-4FC6-8EFB-7B36A7E2DAF8}.UnicodeRelease|x64.ActiveCfg = UnicodeRelease|x64
		{F1CA984E-922E-4FC6-8EFB-7B36A7E2DAF8}.UnicodeRelease|x64.Build.0 = UnicodeRelease|x64
		{F1CA984E-922E-4FC6-8EFB-7B36A7E2DAF8}.UnicodeRelease|x86.ActiveCfg = Unicode Release|Win32
	EndGlobalSection
	GlobalSection(SolutionProperties) = preSolution
		HideSolutionNode = FALSE
	EndGlobalSection
	GlobalSection(ExtensibilityGlobals) = postSolution
		SolutionGuid = {6937C83D-325D-410B-B99B-DB0AF3EA11C8}
	EndGlobalSection
EndGlobal
