
Microsoft Visual Studio Solution File, Format Version 12.00
# Visual Studio Version 17
VisualStudioVersion = 17.0.32014.148
MinimumVisualStudioVersion = 10.0.40219.1
Project("{8BC9CEB8-8B4A-11D0-8D11-00A0C91BC942}") = "SeisWideTTT3", "SeisWideTTT3.vcxproj", "{B4E3C55E-0752-4079-99DD-169D51A2F4B4}"
EndProject
Project("{8BC9CEB8-8B4A-11D0-8D11-00A0C91BC942}") = "cximage", "CxImage\cximage.vcxproj", "{C301389B-D859-4308-BBEB-A72172ED6E18}"
EndProject
Project("{8BC9CEB8-8B4A-11D0-8D11-00A0C91BC942}") = "jasper", "jasper\jasper.vcxproj", "{8EF202FE-EF77-49E6-9E94-18204381CCF6}"
EndProject
Project("{8BC9CEB8-8B4A-11D0-8D11-00A0C91BC942}") = "Tiff", "tiff\Tiff.vcxproj", "{BB6DC810-EC67-417D-AB50-D85183C1820D}"
EndProject
Project("{8BC9CEB8-8B4A-11D0-8D11-00A0C91BC942}") = "jbig", "jbig\jbig.vcxproj", "{681E5224-36EB-4A44-9343-23351DAAF89A}"
EndProject
Project("{8BC9CEB8-8B4A-11D0-8D11-00A0C91BC942}") = "Jpeg", "jpeg\Jpeg.vcxproj", "{E15E7434-4A92-4DAF-B2FD-CE68AFB3908E}"
EndProject
Project("{8BC9CEB8-8B4A-11D0-8D11-00A0C91BC942}") = "mng", "mng\mng.vcxproj", "{28D45F50-9CF3-4175-ADA5-3FF7F34EC225}"
EndProject
Project("{8BC9CEB8-8B4A-11D0-8D11-00A0C91BC942}") = "png", "png\png.vcxproj", "{3D82F746-FE45-4FB4-9A50-A47EE79AEC1A}"
EndProject
Project("{8BC9CEB8-8B4A-11D0-8D11-00A0C91BC942}") = "libdcr", "raw\libdcr.vcxproj", "{DCF3F5E6-04FA-45C4-A16A-B5D803EC597D}"
EndProject
Project("{8BC9CEB8-8B4A-11D0-8D11-00A0C91BC942}") = "zlib", "zlib\zlib.vcxproj", "{F1CA984E-922E-4FC6-8EFB-7B36A7E2DAF8}"
EndProject
Global
	GlobalSection(SolutionConfigurationPlatforms) = preSolution
		Debug|x64 = Debug|x64
		Debug|x86 = Debug|x86
		Release|x64 = Release|x64
		Release|x86 = Release|x86
		Template|x64 = Template|x64
		Template|x86 = Template|x86
		Unicode Debug|x64 = Unicode Debug|x64
		Unicode Debug|x86 = Unicode Debug|x86
		UnicodeRelease|x64 = UnicodeRelease|x64
		UnicodeRelease|x86 = UnicodeRelease|x86
	EndGlobalSection
	GlobalSection(ProjectConfigurationPlatforms) = postSolution
		{B4E3C55E-0752-4079-99DD-169D51A2F4B4}.Debug|x64.ActiveCfg = Debug|x64
		{B4E3C55E-0752-4079-99DD-169D51A2F4B4}.Debug|x64.Build.0 = Debug|x64
		{B4E3C55E-0752-4079-99DD-169D51A2F4B4}.Debug|x86.ActiveCfg = Debug|Win32
		{B4E3C55E-0752-4079-99DD-169D51A2F4B4}.Debug|x86.Build.0 = Debug|Win32
		{B4E3C55E-0752-4079-99DD-169D51A2F4B4}.Release|x64.ActiveCfg = Release|x64
		{B4E3C55E-0752-4079-99DD-169D51A2F4B4}.Release|x64.Build.0 = Release|x64
		{B4E3C55E-0752-4079-99DD-169D51A2F4B4}.Release|x86.ActiveCfg = Release|Win32
		{B4E3C55E-0752-4079-99DD-169D51A2F4B4}.Release|x86.Build.0 = Release|Win32
		{B4E3C55E-0752-4079-99DD-169D51A2F4B4}.Template|x64.ActiveCfg = UnicodeRelease|x64
		{B4E3C55E-0752-4079-99DD-169D51A2F4B4}.Template|x64.Build.0 = UnicodeRelease|x64
		{B4E3C55E-0752-4079-99DD-169D51A2F4B4}.Template|x86.ActiveCfg = UnicodeRelease|Win32
		{B4E3C55E-0752-4079-99DD-169D51A2F4B4}.Template|x86.Build.0 = UnicodeRelease|Win32
		{B4E3C55E-0752-4079-99DD-169D51A2F4B4}.Unicode Debug|x64.ActiveCfg = UnicodeRelease|x64
		{B4E3C55E-0752-4079-99DD-169D51A2F4B4}.Unicode Debug|x64.Build.0 = UnicodeRelease|x64
		{B4E3C55E-0752-4079-99DD-169D51A2F4B4}.Unicode Debug|x86.ActiveCfg = UnicodeRelease|Win32
		{B4E3C55E-0752-4079-99DD-169D51A2F4B4}.Unicode Debug|x86.Build.0 = UnicodeRelease|Win32
		{B4E3C55E-0752-4079-99DD-169D51A2F4B4}.UnicodeRelease|x64.ActiveCfg = UnicodeRelease|x64
		{B4E3C55E-0752-4079-99DD-169D51A2F4B4}.UnicodeRelease|x64.Build.0 = UnicodeRelease|x64
		{B4E3C55E-0752-4079-99DD-169D51A2F4B4}.UnicodeRelease|x86.ActiveCfg = UnicodeRelease|Win32
		{B4E3C55E-0752-4079-99DD-169D51A2F4B4}.UnicodeRelease|x86.Build.0 = UnicodeRelease|Win32
		{C301389B-D859-4308-BBEB-A72172ED6E18}.Debug|x64.ActiveCfg = Debug|x64
		{C301389B-D859-4308-BBEB-A72172ED6E18}.Debug|x64.Build.0 = Debug|x64
		{C301389B-D859-4308-BBEB-A72172ED6E18}.Debug|x86.ActiveCfg = Debug|Win32
		{C301389B-D859-4308-BBEB-A72172ED6E18}.Debug|x86.Build.0 = Debug|Win32
		{C301389B-D859-4308-BBEB-A72172ED6E18}.Release|x64.ActiveCfg = Release|x64
		{C301389B-D859-4308-BBEB-A72172ED6E18}.Release|x64.Build.0 = Release|x64
		{C301389B-D859-4308-BBEB-A72172ED6E18}.Release|x86.ActiveCfg = Release|Win32
		{C301389B-D859-4308-BBEB-A72172ED6E18}.Release|x86.Build.0 = Release|Win32
		{C301389B-D859-4308-BBEB-A72172ED6E18}.Template|x64.ActiveCfg = UnicodeRelease|x64
		{C301389B-D859-4308-BBEB-A72172ED6E18}.Template|x64.Build.0 = UnicodeRelease|x64
		{C301389B-D859-4308-BBEB-A72172ED6E18}.Template|x86.ActiveCfg = Debug|Win32
		{C301389B-D859-4308-BBEB-A72172ED6E18}.Template|x86.Build.0 = Debug|Win32
		{C301389B-D859-4308-BBEB-A72172ED6E18}.Unicode Debug|x64.ActiveCfg = Unicode Debug|x64
		{C301389B-D859-4308-BBEB-A72172ED6E18}.Unicode Debug|x64.Build.0 = Unicode Debug|x64
		{C301389B-D859-4308-BBEB-A72172ED6E18}.Unicode Debug|x86.ActiveCfg = Unicode Debug|Win32
		{C301389B-D859-4308-BBEB-A72172ED6E18}.Unicode Debug|x86.Build.0 = Unicode Debug|Win32
		{C301389B-D859-4308-BBEB-A72172ED6E18}.UnicodeRelease|x64.ActiveCfg = UnicodeRelease|x64
		{C301389B-D859-4308-BBEB-A72172ED6E18}.UnicodeRelease|x64.Build.0 = UnicodeRelease|x64
		{C301389B-D859-4308-BBEB-A72172ED6E18}.UnicodeRelease|x86.ActiveCfg = UnicodeRelease|Win32
		{C301389B-D859-4308-BBEB-A72172ED6E18}.UnicodeRelease|x86.Build.0 = UnicodeRelease|Win32
		{8EF202FE-EF77-49E6-9E94-18204381CCF6}.Debug|x64.ActiveCfg = Debug|x64
		{8EF202FE-EF77-49E6-9E94-18204381CCF6}.Debug|x64.Build.0 = Debug|x64
		{8EF202FE-EF77-49E6-9E94-18204381CCF6}.Debug|x86.ActiveCfg = Debug|Win32
		{8EF202FE-EF77-49E6-9E94-18204381CCF6}.Debug|x86.Build.0 = Debug|Win32
		{8EF202FE-EF77-49E6-9E94-18204381CCF6}.Release|x64.ActiveCfg = Release|x64
		{8EF202FE-EF77-49E6-9E94-18204381CCF6}.Release|x64.Build.0 = Release|x64
		{8EF202FE-EF77-49E6-9E94-18204381CCF6}.Release|x86.ActiveCfg = Release|Win32
		{8EF202FE-EF77-49E6-9E94-18204381CCF6}.Release|x86.Build.0 = Release|Win32
		{8EF202FE-EF77-49E6-9E94-18204381CCF6}.Template|x64.ActiveCfg = Template|x64
		{8EF202FE-EF77-49E6-9E94-18204381CCF6}.Template|x64.Build.0 = Template|x64
		{8EF202FE-EF77-49E6-9E94-18204381CCF6}.Template|x86.ActiveCfg = Template|Win32
		{8EF202FE-EF77-49E6-9E94-18204381CCF6}.Template|x86.Build.0 = Template|Win32
		{8EF202FE-EF77-49E6-9E94-18204381CCF6}.Unicode Debug|x64.ActiveCfg = Unicode Debug|x64
		{8EF202FE-EF77-49E6-9E94-18204381CCF6}.Unicode Debug|x64.Build.0 = Unicode Debug|x64
		{8EF202FE-EF77-49E6-9E94-18204381CCF6}.Unicode Debug|x86.ActiveCfg = Unicode Debug|Win32
		{8EF202FE-EF77-49E6-9E94-18204381CCF6}.Unicode Debug|x86.Build.0 = Unicode Debug|Win32
		{8EF202FE-EF77-49E6-9E94-18204381CCF6}.UnicodeRelease|x64.ActiveCfg = UnicodeRelease|x64
		{8EF202FE-EF77-49E6-9E94-18204381CCF6}.UnicodeRelease|x64.Build.0 = UnicodeRelease|x64
		{8EF202FE-EF77-49E6-9E94-18204381CCF6}.UnicodeRelease|x86.ActiveCfg = UnicodeRelease|Win32
		{8EF202FE-EF77-49E6-9E94-18204381CCF6}.UnicodeRelease|x86.Build.0 = UnicodeRelease|Win32
		{BB6DC810-EC67-417D-AB50-D85183C1820D}.Debug|x64.ActiveCfg = Debug|x64
		{BB6DC810-EC67-417D-AB50-D85183C1820D}.Debug|x64.Build.0 = Debug|x64
		{BB6DC810-EC67-417D-AB50-D85183C1820D}.Debug|x86.ActiveCfg = Debug|Win32
		{BB6DC810-EC67-417D-AB50-D85183C1820D}.Debug|x86.Build.0 = Debug|Win32
		{BB6DC810-EC67-417D-AB50-D85183C1820D}.Release|x64.ActiveCfg = Release|x64
		{BB6DC810-EC67-417D-AB50-D85183C1820D}.Release|x64.Build.0 = Release|x64
		{BB6DC810-EC67-417D-AB50-D85183C1820D}.Release|x86.ActiveCfg = Release|Win32
		{BB6DC810-EC67-417D-AB50-D85183C1820D}.Release|x86.Build.0 = Release|Win32
		{BB6DC810-EC67-417D-AB50-D85183C1820D}.Template|x64.ActiveCfg = Template|x64
		{BB6DC810-EC67-417D-AB50-D85183C1820D}.Template|x64.Build.0 = Template|x64
		{BB6DC810-EC67-417D-AB50-D85183C1820D}.Template|x86.ActiveCfg = Template|Win32
		{BB6DC810-EC67-417D-AB50-D85183C1820D}.Template|x86.Build.0 = Template|Win32
		{BB6DC810-EC67-417D-AB50-D85183C1820D}.Unicode Debug|x64.ActiveCfg = Unicode Debug|x64
		{BB6DC810-EC67-417D-AB50-D85183C1820D}.Unicode Debug|x64.Build.0 = Unicode Debug|x64
		{BB6DC810-EC67-417D-AB50-D85183C1820D}.Unicode Debug|x86.ActiveCfg = Unicode Debug|Win32
		{BB6DC810-EC67-417D-AB50-D85183C1820D}.Unicode Debug|x86.Build.0 = Unicode Debug|Win32
		{BB6DC810-EC67-417D-AB50-D85183C1820D}.UnicodeRelease|x64.ActiveCfg = UnicodeRelease|x64
		{BB6DC810-EC67-417D-AB50-D85183C1820D}.UnicodeRelease|x64.Build.0 = UnicodeRelease|x64
		{BB6DC810-EC67-417D-AB50-D85183C1820D}.UnicodeRelease|x86.ActiveCfg = UnicodeRelease|Win32
		{BB6DC810-EC67-417D-AB50-D85183C1820D}.UnicodeRelease|x86.Build.0 = UnicodeRelease|Win32
		{681E5224-36EB-4A44-9343-23351DAAF89A}.Debug|x64.ActiveCfg = Debug|x64
		{681E5224-36EB-4A44-9343-23351DAAF89A}.Debug|x64.Build.0 = Debug|x64
		{681E5224-36EB-4A44-9343-23351DAAF89A}.Debug|x86.ActiveCfg = Debug|Win32
		{681E5224-36EB-4A44-9343-23351DAAF89A}.Debug|x86.Build.0 = Debug|Win32
		{681E5224-36EB-4A44-9343-23351DAAF89A}.Release|x64.ActiveCfg = Release|x64
		{681E5224-36EB-4A44-9343-23351DAAF89A}.Release|x64.Build.0 = Release|x64
		{681E5224-36EB-4A44-9343-23351DAAF89A}.Release|x86.ActiveCfg = Release|Win32
		{681E5224-36EB-4A44-9343-23351DAAF89A}.Release|x86.Build.0 = Release|Win32
		{681E5224-36EB-4A44-9343-23351DAAF89A}.Template|x64.ActiveCfg = Template|x64
		{681E5224-36EB-4A44-9343-23351DAAF89A}.Template|x64.Build.0 = Template|x64
		{681E5224-36EB-4A44-9343-23351DAAF89A}.Template|x86.ActiveCfg = Template|Win32
		{681E5224-36EB-4A44-9343-23351DAAF89A}.Template|x86.Build.0 = Template|Win32
		{681E5224-36EB-4A44-9343-23351DAAF89A}.Unicode Debug|x64.ActiveCfg = Unicode Debug|x64
		{681E5224-36EB-4A44-9343-23351DAAF89A}.Unicode Debug|x64.Build.0 = Unicode Debug|x64
		{681E5224-36EB-4A44-9343-23351DAAF89A}.Unicode Debug|x86.ActiveCfg = Unicode Debug|Win32
		{681E5224-36EB-4A44-9343-23351DAAF89A}.Unicode Debug|x86.Build.0 = Unicode Debug|Win32
		{681E5224-36EB-4A44-9343-23351DAAF89A}.UnicodeRelease|x64.ActiveCfg = UnicodeRelease|x64
		{681E5224-36EB-4A44-9343-23351DAAF89A}.UnicodeRelease|x64.Build.0 = UnicodeRelease|x64
		{681E5224-36EB-4A44-9343-23351DAAF89A}.UnicodeRelease|x86.ActiveCfg = UnicodeRelease|Win32
		{681E5224-36EB-4A44-9343-23351DAAF89A}.UnicodeRelease|x86.Build.0 = UnicodeRelease|Win32
		{E15E7434-4A92-4DAF-B2FD-CE68AFB3908E}.Debug|x64.ActiveCfg = Debug|x64
		{E15E7434-4A92-4DAF-B2FD-CE68AFB3908E}.Debug|x64.Build.0 = Debug|x64
		{E15E7434-4A92-4DAF-B2FD-CE68AFB3908E}.Debug|x86.ActiveCfg = Debug|Win32
		{E15E7434-4A92-4DAF-B2FD-CE68AFB3908E}.Debug|x86.Build.0 = Debug|Win32
		{E15E7434-4A92-4DAF-B2FD-CE68AFB3908E}.Release|x64.ActiveCfg = Release|x64
		{E15E7434-4A92-4DAF-B2FD-CE68AFB3908E}.Release|x64.Build.0 = Release|x64
		{E15E7434-4A92-4DAF-B2FD-CE68AFB3908E}.Release|x86.ActiveCfg = Release|Win32
		{E15E7434-4A92-4DAF-B2FD-CE68AFB3908E}.Release|x86.Build.0 = Release|Win32
		{E15E7434-4A92-4DAF-B2FD-CE68AFB3908E}.Template|x64.ActiveCfg = Template|x64
		{E15E7434-4A92-4DAF-B2FD-CE68AFB3908E}.Template|x64.Build.0 = Template|x64
		{E15E7434-4A92-4DAF-B2FD-CE68AFB3908E}.Template|x86.ActiveCfg = Template|Win32
		{E15E7434-4A92-4DAF-B2FD-CE68AFB3908E}.Template|x86.Build.0 = Template|Win32
		{E15E7434-4A92-4DAF-B2FD-CE68AFB3908E}.Unicode Debug|x64.ActiveCfg = Unicode Debug|x64
		{E15E7434-4A92-4DAF-B2FD-CE68AFB3908E}.Unicode Debug|x64.Build.0 = Unicode Debug|x64
		{E15E7434-4A92-4DAF-B2FD-CE68AFB3908E}.Unicode Debug|x86.ActiveCfg = Unicode Debug|Win32
		{E15E7434-4A92-4DAF-B2FD-CE68AFB3908E}.Unicode Debug|x86.Build.0 = Unicode Debug|Win32
		{E15E7434-4A92-4DAF-B2FD-CE68AFB3908E}.UnicodeRelease|x64.ActiveCfg = UnicodeRelease|x64
		{E15E7434-4A92-4DAF-B2FD-CE68AFB3908E}.UnicodeRelease|x64.Build.0 = UnicodeRelease|x64
		{E15E7434-4A92-4DAF-B2FD-CE68AFB3908E}.UnicodeRelease|x86.ActiveCfg = UnicodeRelease|Win32
		{E15E7434-4A92-4DAF-B2FD-CE68AFB3908E}.UnicodeRelease|x86.Build.0 = UnicodeRelease|Win32
		{28D45F50-9CF3-4175-ADA5-3FF7F34EC225}.Debug|x64.ActiveCfg = Debug|x64
		{28D45F50-9CF3-4175-ADA5-3FF7F34EC225}.Debug|x64.Build.0 = Debug|x64
		{28D45F50-9CF3-4175-ADA5-3FF7F34EC225}.Debug|x86.ActiveCfg = Debug|Win32
		{28D45F50-9CF3-4175-ADA5-3FF7F34EC225}.Debug|x86.Build.0 = Debug|Win32
		{28D45F50-9CF3-4175-ADA5-3FF7F34EC225}.Release|x64.ActiveCfg = Release|x64
		{28D45F50-9CF3-4175-ADA5-3FF7F34EC225}.Release|x64.Build.0 = Release|x64
		{28D45F50-9CF3-4175-ADA5-3FF7F34EC225}.Release|x86.ActiveCfg = Release|Win32
		{28D45F50-9CF3-4175-ADA5-3FF7F34EC225}.Release|x86.Build.0 = Release|Win32
		{28D45F50-9CF3-4175-ADA5-3FF7F34EC225}.Template|x64.ActiveCfg = Template|x64
		{28D45F50-9CF3-4175-ADA5-3FF7F34EC225}.Template|x64.Build.0 = Template|x64
		{28D45F50-9CF3-4175-ADA5-3FF7F34EC225}.Template|x86.ActiveCfg = Template|Win32
		{28D45F50-9CF3-4175-ADA5-3FF7F34EC225}.Template|x86.Build.0 = Template|Win32
		{28D45F50-9CF3-4175-ADA5-3FF7F34EC225}.Unicode Debug|x64.ActiveCfg = Unicode Debug|x64
		{28D45F50-9CF3-4175-ADA5-3FF7F34EC225}.Unicode Debug|x64.Build.0 = Unicode Debug|x64
		{28D45F50-9CF3-4175-ADA5-3FF7F34EC225}.Unicode Debug|x86.ActiveCfg = Unicode Debug|Win32
		{28D45F50-9CF3-4175-ADA5-3FF7F34EC225}.Unicode Debug|x86.Build.0 = Unicode Debug|Win32
		{28D45F50-9CF3-4175-ADA5-3FF7F34EC225}.UnicodeRelease|x64.ActiveCfg = UnicodeRelease|x64
		{28D45F50-9CF3-4175-ADA5-3FF7F34EC225}.UnicodeRelease|x64.Build.0 = UnicodeRelease|x64
		{28D45F50-9CF3-4175-ADA5-3FF7F34EC225}.UnicodeRelease|x86.ActiveCfg = UnicodeRelease|Win32
		{28D45F50-9CF3-4175-ADA5-3FF7F34EC225}.UnicodeRelease|x86.Build.0 = UnicodeRelease|Win32
		{3D82F746-FE45-4FB4-9A50-A47EE79AEC1A}.Debug|x64.ActiveCfg = Debug|x64
		{3D82F746-FE45-4FB4-9A50-A47EE79AEC1A}.Debug|x64.Build.0 = Debug|x64
		{3D82F746-FE45-4FB4-9A50-A47EE79AEC1A}.Debug|x86.ActiveCfg = Debug|Win32
		{3D82F746-FE45-4FB4-9A50-A47EE79AEC1A}.Debug|x86.Build.0 = Debug|Win32
		{3D82F746-FE45-4FB4-9A50-A47EE79AEC1A}.Release|x64.ActiveCfg = Release|x64
		{3D82F746-FE45-4FB4-9A50-A47EE79AEC1A}.Release|x64.Build.0 = Release|x64
		{3D82F746-FE45-4FB4-9A50-A47EE79AEC1A}.Release|x86.ActiveCfg = Release|Win32
		{3D82F746-FE45-4FB4-9A50-A47EE79AEC1A}.Release|x86.Build.0 = Release|Win32
		{3D82F746-FE45-4FB4-9A50-A47EE79AEC1A}.Template|x64.ActiveCfg = Template|x64
		{3D82F746-FE45-4FB4-9A50-A47EE79AEC1A}.Template|x64.Build.0 = Template|x64
		{3D82F746-FE45-4FB4-9A50-A47EE79AEC1A}.Template|x86.ActiveCfg = Template|Win32
		{3D82F746-FE45-4FB4-9A50-A47EE79AEC1A}.Template|x86.Build.0 = Template|Win32
		{3D82F746-FE45-4FB4-9A50-A47EE79AEC1A}.Unicode Debug|x64.ActiveCfg = Unicode Debug|x64
		{3D82F746-FE45-4FB4-9A50-A47EE79AEC1A}.Unicode Debug|x64.Build.0 = Unicode Debug|x64
		{3D82F746-FE45-4FB4-9A50-A47EE79AEC1A}.Unicode Debug|x86.ActiveCfg = Unicode Debug|Win32
		{3D82F746-FE45-4FB4-9A50-A47EE79AEC1A}.Unicode Debug|x86.Build.0 = Unicode Debug|Win32
		{3D82F746-FE45-4FB4-9A50-A47EE79AEC1A}.UnicodeRelease|x64.ActiveCfg = UnicodeRelease|x64
		{3D82F746-FE45-4FB4-9A50-A47EE79AEC1A}.UnicodeRelease|x64.Build.0 = UnicodeRelease|x64
		{3D82F746-FE45-4FB4-9A50-A47EE79AEC1A}.UnicodeRelease|x86.ActiveCfg = UnicodeRelease|Win32
		{3D82F746-FE45-4FB4-9A50-A47EE79AEC1A}.UnicodeRelease|x86.Build.0 = UnicodeRelease|Win32
		{DCF3F5E6-04FA-45C4-A16A-B5D803EC597D}.Debug|x64.ActiveCfg = Debug|x64
		{DCF3F5E6-04FA-45C4-A16A-B5D803EC597D}.Debug|x64.Build.0 = Debug|x64
		{DCF3F5E6-04FA-45C4-A16A-B5D803EC597D}.Debug|x86.ActiveCfg = Debug|Win32
		{DCF3F5E6-04FA-45C4-A16A-B5D803EC597D}.Debug|x86.Build.0 = Debug|Win32
		{DCF3F5E6-04FA-45C4-A16A-B5D803EC597D}.Release|x64.ActiveCfg = Release|x64
		{DCF3F5E6-04FA-45C4-A16A-B5D803EC597D}.Release|x64.Build.0 = Release|x64
		{DCF3F5E6-04FA-45C4-A16A-B5D803EC597D}.Release|x86.ActiveCfg = Release|Win32
		{DCF3F5E6-04FA-45C4-A16A-B5D803EC597D}.Release|x86.Build.0 = Release|Win32
		{DCF3F5E6-04FA-45C4-A16A-B5D803EC597D}.Template|x64.ActiveCfg = Template|x64
		{DCF3F5E6-04FA-45C4-A16A-B5D803EC597D}.Template|x64.Build.0 = Template|x64
		{DCF3F5E6-04FA-45C4-A16A-B5D803EC597D}.Template|x86.ActiveCfg = Template|Win32
		{DCF3F5E6-04FA-45C4-A16A-B5D803EC597D}.Template|x86.Build.0 = Template|Win32
		{DCF3F5E6-04FA-45C4-A16A-B5D803EC597D}.Unicode Debug|x64.ActiveCfg = Unicode Debug|x64
		{DCF3F5E6-04FA-45C4-A16A-B5D803EC597D}.Unicode Debug|x64.Build.0 = Unicode Debug|x64
		{DCF3F5E6-04FA-45C4-A16A-B5D803EC597D}.Unicode Debug|x86.ActiveCfg = Unicode Debug|Win32
		{DCF3F5E6-04FA-45C4-A16A-B5D803EC597D}.Unicode Debug|x86.Build.0 = Unicode Debug|Win32
		{DCF3F5E6-04FA-45C4-A16A-B5D803EC597D}.UnicodeRelease|x64.ActiveCfg = UnicodeRelease|x64
		{DCF3F5E6-04FA-45C4-A16A-B5D803EC597D}.UnicodeRelease|x64.Build.0 = UnicodeRelease|x64
		{DCF3F5E6-04FA-45C4-A16A-B5D803EC597D}.UnicodeRelease|x86.ActiveCfg = UnicodeRelease|Win32
		{DCF3F5E6-04FA-45C4-A16A-B5D803EC597D}.UnicodeRelease|x86.Build.0 = UnicodeRelease|Win32
		{F1CA984E-922E-4FC6-8EFB-7B36A7E2DAF8}.Debug|x64.ActiveCfg = Debug|x64
		{F1CA984E-922E-4FC6-8EFB-7B36A7E2DAF8}.Debug|x64.Build.0 = Debug|x64
		{F1CA984E-922E-4FC6-8EFB-7B36A7E2DAF8}.Debug|x86.ActiveCfg = Debug|Win32
		{F1CA984E-922E-4FC6-8EFB-7B36A7E2DAF8}.Debug|x86.Build.0 = Debug|Win32
		{F1CA984E-922E-4FC6-8EFB-7B36A7E2DAF8}.Release|x64.ActiveCfg = Release|x64
		{F1CA984E-922E-4FC6-8EFB-7B36A7E2DAF8}.Release|x64.Build.0 = Release|x64
		{F1CA984E-922E-4FC6-8EFB-7B36A7E2DAF8}.Release|x86.ActiveCfg = Release|Win32
		{F1CA984E-922E-4FC6-8EFB-7B36A7E2DAF8}.Release|x86.Build.0 = Release|Win32
		{F1CA984E-922E-4FC6-8EFB-7B36A7E2DAF8}.Template|x64.ActiveCfg = Template|x64
		{F1CA984E-922E-4FC6-8EFB-7B36A7E2DAF8}.Template|x64.Build.0 = Template|x64
		{F1CA984E-922E-4FC6-8EFB-7B36A7E2DAF8}.Template|x86.ActiveCfg = Template|Win32
		{F1CA984E-922E-4FC6-8EFB-7B36A7E2DAF8}.Template|x86.Build.0 = Template|Win32
		{F1CA984E-922E-4FC6-8EFB-7B36A7E2DAF8}.Unicode Debug|x64.ActiveCfg = UnicodeRelease|x64
		{F1CA984E-922E-4FC6-8EFB-7B36A7E2DAF8}.Unicode Debug|x64.Build.0 = UnicodeRelease|x64
		{F1CA984E-922E-4FC6-8EFB-7B36A7E2DAF8}.Unicode Debug|x86.ActiveCfg = UnicodeRelease|Win32
		{F1CA984E-922E-4FC6-8EFB-7B36A7E2DAF8}.Unicode Debug|x86.Build.0 = UnicodeRelease|Win32
		{F1CA984E-922E-4FC6-8EFB-7B36A7E2DAF8}.UnicodeRelease|x64.ActiveCfg = UnicodeRelease|x64
		{F1CA984E-922E-4FC6-8EFB-7B36A7E2DAF8}.UnicodeRelease|x64.Build.0 = UnicodeRelease|x64
		{F1CA984E-922E-4FC6-8EFB-7B36A7E2DAF8}.UnicodeRelease|x86.ActiveCfg = UnicodeRelease|Win32
		{F1CA984E-922E-4FC6-8EFB-7B36A7E2DAF8}.UnicodeRelease|x86.Build.0 = UnicodeRelease|Win32
	EndGlobalSection
	GlobalSection(SolutionProperties) = preSolution
		HideSolutionNode = FALSE
	EndGlobalSection
	GlobalSection(ExtensibilityGlobals) = postSolution
		SolutionGuid = {CDAC9ABE-9CAD-4EFD-9EF1-2EC821B1921E}
	EndGlobalSection
EndGlobal
