<?xml version="1.0" encoding="utf-8"?>
<Project ToolsVersion="4.0" xmlns="http://schemas.microsoft.com/developer/msbuild/2003">
  <ItemGroup>
    <Filter Include="Source Files">
      <UniqueIdentifier>{71e282dc-18a4-4f9e-8a50-0039b9e46c23}</UniqueIdentifier>
      <Extensions>cpp;c;cxx;rc;def;r;odl;hpj;bat;for;f90</Extensions>
    </Filter>
    <Filter Include="Header Files">
      <UniqueIdentifier>{c304e548-159c-4e9b-a277-9c9584d53641}</UniqueIdentifier>
      <Extensions>h;hpp;hxx;hm;inl;fi;fd</Extensions>
    </Filter>
    <Filter Include="Resource Files">
      <UniqueIdentifier>{37cce61f-0ab1-4bb3-8755-266b90c1dc31}</UniqueIdentifier>
      <Extensions>ico;cur;bmp;dlg;rc2;rct;bin;cnt;rtf;gif;jpg;jpeg;jpe</Extensions>
    </Filter>
  </ItemGroup>
  <ItemGroup>
    <ClCompile Include="base64.cpp">
      <Filter>Source Files</Filter>
    </ClCompile>
    <ClCompile Include="bmp24.cpp">
      <Filter>Source Files</Filter>
    </ClCompile>
    <ClCompile Include="BoundNodes.cpp">
      <Filter>Source Files</Filter>
    </ClCompile>
    <ClCompile Include="ChildFrm.cpp">
      <Filter>Source Files</Filter>
    </ClCompile>
    <ClCompile Include="CntrItem.cpp">
      <Filter>Source Files</Filter>
    </ClCompile>
    <ClCompile Include="ColorButton.cpp">
      <Filter>Source Files</Filter>
    </ClCompile>
    <ClCompile Include="compare.cpp">
      <Filter>Source Files</Filter>
    </ClCompile>
    <ClCompile Include="coords.cpp">
      <Filter>Source Files</Filter>
    </ClCompile>
    <ClCompile Include="CShellFileOp.cpp">
      <Filter>Source Files</Filter>
    </ClCompile>
    <ClCompile Include="DIB.cpp">
      <Filter>Source Files</Filter>
    </ClCompile>
    <ClCompile Include="digitize.cpp">
      <Filter>Source Files</Filter>
    </ClCompile>
    <ClCompile Include="dlgAddData.cpp">
      <Filter>Source Files</Filter>
    </ClCompile>
    <ClCompile Include="dlgAddRange.cpp">
      <Filter>Source Files</Filter>
    </ClCompile>
    <ClCompile Include="dlgAgc.cpp">
      <Filter>Source Files</Filter>
    </ClCompile>
    <ClCompile Include="dlgAttenuationCorr.cpp">
      <Filter>Source Files</Filter>
    </ClCompile>
    <ClCompile Include="dlgChangeRanges.cpp">
      <Filter>Source Files</Filter>
    </ClCompile>
    <ClCompile Include="dlgChangeReducingBMP.cpp">
      <Filter>Source Files</Filter>
    </ClCompile>
    <ClCompile Include="dlgCohMix.cpp">
      <Filter>Source Files</Filter>
    </ClCompile>
    <ClCompile Include="dlgConvertRawSgy.cpp">
      <Filter>Source Files</Filter>
    </ClCompile>
    <ClCompile Include="dlgDEPTH1.cpp">
      <Filter>Source Files</Filter>
    </ClCompile>
    <ClCompile Include="dlgDesimate.cpp">
      <Filter>Source Files</Filter>
    </ClCompile>
    <ClCompile Include="dlgDespiking.cpp">
      <Filter>Source Files</Filter>
    </ClCompile>
    <ClCompile Include="dlgDigitize.cpp">
      <Filter>Source Files</Filter>
    </ClCompile>
    <ClCompile Include="dlgDigitizeShift.cpp">
      <Filter>Source Files</Filter>
    </ClCompile>
    <ClCompile Include="dlgDigOption.cpp">
      <Filter>Source Files</Filter>
    </ClCompile>
    <ClCompile Include="dlgDigResize.cpp">
      <Filter>Source Files</Filter>
    </ClCompile>
    <ClCompile Include="dlgDigResolution.cpp">
      <Filter>Source Files</Filter>
    </ClCompile>
    <ClCompile Include="dlgDigSelectCurrent.cpp">
      <Filter>Source Files</Filter>
    </ClCompile>
    <ClCompile Include="dlgDispBitmap.cpp">
      <Filter>Source Files</Filter>
    </ClCompile>
    <ClCompile Include="dlgDistanceAdjust.cpp">
      <Filter>Source Files</Filter>
    </ClCompile>
    <ClCompile Include="dlgExportBitmap.cpp">
      <Filter>Source Files</Filter>
    </ClCompile>
    <ClCompile Include="dlgFillArea.cpp">
      <Filter>Source Files</Filter>
    </ClCompile>
    <ClCompile Include="dlgFilter1.cpp">
      <Filter>Source Files</Filter>
    </ClCompile>
    <ClCompile Include="dlgFilterOffset.cpp">
      <Filter>Source Files</Filter>
    </ClCompile>
    <ClCompile Include="dlgGainAdjust.cpp">
      <Filter>Source Files</Filter>
    </ClCompile>
    <ClCompile Include="dlgHardwareId.cpp">
      <Filter>Source Files</Filter>
    </ClCompile>
    <ClCompile Include="dlgHydrateDisp.cpp">
      <Filter>Source Files</Filter>
    </ClCompile>
    <ClCompile Include="dlgImportbitmap.cpp">
      <Filter>Source Files</Filter>
    </ClCompile>
    <ClCompile Include="dlgInitAmp.cpp">
      <Filter>Source Files</Filter>
    </ClCompile>
    <ClCompile Include="dlgInOut.cpp">
      <Filter>Source Files</Filter>
    </ClCompile>
    <ClCompile Include="dlgInputValie.cpp">
      <Filter>Source Files</Filter>
    </ClCompile>
    <ClCompile Include="dlgKdmig.cpp">
      <Filter>Source Files</Filter>
    </ClCompile>
    <ClCompile Include="dlgKDMigPost.cpp">
      <Filter>Source Files</Filter>
    </ClCompile>
    <ClCompile Include="dlgLabelOverwrite.cpp">
      <Filter>Source Files</Filter>
    </ClCompile>
    <ClCompile Include="dlgLabelSizes.cpp">
      <Filter>Source Files</Filter>
    </ClCompile>
    <ClCompile Include="dlgLatLong.cpp">
      <Filter>Source Files</Filter>
    </ClCompile>
    <ClCompile Include="dlgLatShift.cpp">
      <Filter>Source Files</Filter>
    </ClCompile>
    <ClCompile Include="dlgLayerNodes.cpp">
      <Filter>Source Files</Filter>
    </ClCompile>
    <ClCompile Include="dlgLineDrawDep.cpp">
      <Filter>Source Files</Filter>
    </ClCompile>
    <ClCompile Include="dlgLineDrawTim.cpp">
      <Filter>Source Files</Filter>
    </ClCompile>
    <ClCompile Include="dlgLoadReid.cpp">
      <Filter>Source Files</Filter>
    </ClCompile>
    <ClCompile Include="dlgLoadZelt.cpp">
      <Filter>Source Files</Filter>
    </ClCompile>
    <ClCompile Include="dlgMergeModels.cpp">
      <Filter>Source Files</Filter>
    </ClCompile>
    <ClCompile Include="dlgMigLineDraw.cpp">
      <Filter>Source Files</Filter>
    </ClCompile>
    <ClCompile Include="dlgMigPS.cpp">
      <Filter>Source Files</Filter>
    </ClCompile>
    <ClCompile Include="dlgModelResize.cpp">
      <Filter>Source Files</Filter>
    </ClCompile>
    <ClCompile Include="dlgModelShiftBoundary.cpp">
      <Filter>Source Files</Filter>
    </ClCompile>
    <ClCompile Include="dlgNewLayer.cpp">
      <Filter>Source Files</Filter>
    </ClCompile>
    <ClCompile Include="DlgNewModel.cpp">
      <Filter>Source Files</Filter>
    </ClCompile>
    <ClCompile Include="dlgNewVelFile.cpp">
      <Filter>Source Files</Filter>
    </ClCompile>
    <ClCompile Include="dlgPrint.cpp">
      <Filter>Source Files</Filter>
    </ClCompile>
    <ClCompile Include="dlgRayAuto.cpp">
      <Filter>Source Files</Filter>
    </ClCompile>
    <ClCompile Include="dlgRaytrace1.cpp">
      <Filter>Source Files</Filter>
    </ClCompile>
    <ClCompile Include="dlgRayTracing.cpp">
      <Filter>Source Files</Filter>
    </ClCompile>
    <ClCompile Include="dlgRegionalModel.cpp">
      <Filter>Source Files</Filter>
    </ClCompile>
    <ClCompile Include="dlgReorganize.cpp">
      <Filter>Source Files</Filter>
    </ClCompile>
    <ClCompile Include="dlgResample.cpp">
      <Filter>Source Files</Filter>
    </ClCompile>
    <ClCompile Include="dlgRmsVelocityAnalysis.cpp">
      <Filter>Source Files</Filter>
    </ClCompile>
    <ClCompile Include="dlgSegyAppend.cpp">
      <Filter>Source Files</Filter>
    </ClCompile>
    <ClCompile Include="dlgSegyColor.cpp">
      <Filter>Source Files</Filter>
    </ClCompile>
    <ClCompile Include="dlgSegyColor2.cpp">
      <Filter>Source Files</Filter>
    </ClCompile>
    <ClCompile Include="dlgSegyInfo.cpp">
      <Filter>Source Files</Filter>
    </ClCompile>
    <ClCompile Include="dlgSegyPreview.cpp">
      <Filter>Source Files</Filter>
    </ClCompile>
    <ClCompile Include="dlgSineModulate.cpp">
      <Filter>Source Files</Filter>
    </ClCompile>
    <ClCompile Include="dlgSonobouy.cpp">
      <Filter>Source Files</Filter>
    </ClCompile>
    <ClCompile Include="dlgSonobuoyAutoOffset.cpp">
      <Filter>Source Files</Filter>
    </ClCompile>
    <ClCompile Include="dlgSonobuoyPoly.cpp">
      <Filter>Source Files</Filter>
    </ClCompile>
    <ClCompile Include="dlgSourcePos.cpp">
      <Filter>Source Files</Filter>
    </ClCompile>
    <ClCompile Include="dlgTablizeLayer.cpp">
      <Filter>Source Files</Filter>
    </ClCompile>
    <ClCompile Include="dlgTim2Dpth.cpp">
      <Filter>Source Files</Filter>
    </ClCompile>
    <ClCompile Include="dlgTimDepthBMP.cpp">
      <Filter>Source Files</Filter>
    </ClCompile>
    <ClCompile Include="dlgTimeByTrc.cpp">
      <Filter>Source Files</Filter>
    </ClCompile>
    <ClCompile Include="dlgTIMESEC1.cpp">
      <Filter>Source Files</Filter>
    </ClCompile>
    <ClCompile Include="dlgToolPoly.cpp">
      <Filter>Source Files</Filter>
    </ClCompile>
    <ClCompile Include="dlgTraceBalanceXT.cpp">
      <Filter>Source Files</Filter>
    </ClCompile>
    <ClCompile Include="dlgTraceDub.cpp">
      <Filter>Source Files</Filter>
    </ClCompile>
    <ClCompile Include="dlgTTCurve.cpp">
      <Filter>Source Files</Filter>
    </ClCompile>
    <ClCompile Include="dlgUnix2PC.cpp">
      <Filter>Source Files</Filter>
    </ClCompile>
    <ClCompile Include="dlgVel2Den.cpp">
      <Filter>Source Files</Filter>
    </ClCompile>
    <ClCompile Include="dlgVel2Den1.cpp">
      <Filter>Source Files</Filter>
    </ClCompile>
    <ClCompile Include="dlgVELOCITY1.cpp">
      <Filter>Source Files</Filter>
    </ClCompile>
    <ClCompile Include="dlgVelocityPerturb.cpp">
      <Filter>Source Files</Filter>
    </ClCompile>
    <ClCompile Include="dlgVelocityTwtt2.cpp">
      <Filter>Source Files</Filter>
    </ClCompile>
    <ClCompile Include="dlgVred.cpp">
      <Filter>Source Files</Filter>
    </ClCompile>
    <ClCompile Include="dlgVZCurve.cpp">
      <Filter>Source Files</Filter>
    </ClCompile>
    <ClCompile Include="dlgWide2Depth.cpp">
      <Filter>Source Files</Filter>
    </ClCompile>
    <ClCompile Include="dlgWide2Velocity.cpp">
      <Filter>Source Files</Filter>
    </ClCompile>
    <ClCompile Include="dlgWienerFilter.cpp">
      <Filter>Source Files</Filter>
    </ClCompile>
    <ClCompile Include="ealloc_d.cpp">
      <Filter>Source Files</Filter>
    </ClCompile>
    <ClCompile Include="IniReader.cpp">
      <Filter>Source Files</Filter>
    </ClCompile>
    <ClCompile Include="IniWriter.cpp">
      <Filter>Source Files</Filter>
    </ClCompile>
    <ClCompile Include="IpFrame.cpp">
      <Filter>Source Files</Filter>
    </ClCompile>
    <ClCompile Include="LicenseCheck.cpp">
      <Filter>Source Files</Filter>
    </ClCompile>
    <ClCompile Include="MainFrm.cpp">
      <Filter>Source Files</Filter>
    </ClCompile>
    <ClCompile Include="ScrollHelper.cpp">
      <Filter>Source Files</Filter>
    </ClCompile>
    <ClCompile Include="SegyWrapper.cpp">
      <Filter>Source Files</Filter>
    </ClCompile>
    <ClCompile Include="SegyWrapperEx.cpp">
      <Filter>Source Files</Filter>
    </ClCompile>
    <ClCompile Include="seiContour.cpp">
      <Filter>Source Files</Filter>
    </ClCompile>
    <ClCompile Include="SeisWide.cpp">
      <Filter>Source Files</Filter>
    </ClCompile>
    <ClCompile Include="SeisWideDoc.cpp">
      <Filter>Source Files</Filter>
    </ClCompile>
    <ClCompile Include="SeisWideView.cpp">
      <Filter>Source Files</Filter>
    </ClCompile>
    <ClCompile Include="SrvrItem.cpp">
      <Filter>Source Files</Filter>
    </ClCompile>
    <ClCompile Include="StdAfx.cpp">
      <Filter>Source Files</Filter>
    </ClCompile>
    <ClCompile Include="sumig.cpp">
      <Filter>Source Files</Filter>
    </ClCompile>
    <ClCompile Include="suSwapByte.cpp">
      <Filter>Source Files</Filter>
    </ClCompile>
    <ClCompile Include="TipDlg.cpp">
      <Filter>Source Files</Filter>
    </ClCompile>
    <ClCompile Include="util.cpp">
      <Filter>Source Files</Filter>
    </ClCompile>
    <ClCompile Include="VelMod.cpp">
      <Filter>Source Files</Filter>
    </ClCompile>
  </ItemGroup>
  <ItemGroup>
    <ClInclude Include="dlgDigitize.h">
      <Filter>Source Files</Filter>
    </ClInclude>
    <ClInclude Include="base64.h">
      <Filter>Header Files</Filter>
    </ClInclude>
    <ClInclude Include="bmp24.h">
      <Filter>Header Files</Filter>
    </ClInclude>
    <ClInclude Include="BoundNodes.h">
      <Filter>Header Files</Filter>
    </ClInclude>
    <ClInclude Include="ChildFrm.h">
      <Filter>Header Files</Filter>
    </ClInclude>
    <ClInclude Include="CntrItem.h">
      <Filter>Header Files</Filter>
    </ClInclude>
    <ClInclude Include="ColorButton.h">
      <Filter>Header Files</Filter>
    </ClInclude>
    <ClInclude Include="compare.h">
      <Filter>Header Files</Filter>
    </ClInclude>
    <ClInclude Include="coords.h">
      <Filter>Header Files</Filter>
    </ClInclude>
    <ClInclude Include="CShellFileOp.h">
      <Filter>Header Files</Filter>
    </ClInclude>
    <ClInclude Include="DIB.h">
      <Filter>Header Files</Filter>
    </ClInclude>
    <ClInclude Include="digitize.h">
      <Filter>Header Files</Filter>
    </ClInclude>
    <ClInclude Include="dlgAddData.h">
      <Filter>Header Files</Filter>
    </ClInclude>
    <ClInclude Include="dlgAddRange.h">
      <Filter>Header Files</Filter>
    </ClInclude>
    <ClInclude Include="dlgAgc.h">
      <Filter>Header Files</Filter>
    </ClInclude>
    <ClInclude Include="dlgAttenuationCorr.h">
      <Filter>Header Files</Filter>
    </ClInclude>
    <ClInclude Include="dlgChangeRanges.h">
      <Filter>Header Files</Filter>
    </ClInclude>
    <ClInclude Include="dlgChangeReducingBMP.h">
      <Filter>Header Files</Filter>
    </ClInclude>
    <ClInclude Include="dlgCohMix.h">
      <Filter>Header Files</Filter>
    </ClInclude>
    <ClInclude Include="dlgConvertRawSgy.h">
      <Filter>Header Files</Filter>
    </ClInclude>
    <ClInclude Include="dlgDEPTH1.h">
      <Filter>Header Files</Filter>
    </ClInclude>
    <ClInclude Include="dlgDesimate.h">
      <Filter>Header Files</Filter>
    </ClInclude>
    <ClInclude Include="dlgDespiking.h">
      <Filter>Header Files</Filter>
    </ClInclude>
    <ClInclude Include="dlgDigitizeShift.h">
      <Filter>Header Files</Filter>
    </ClInclude>
    <ClInclude Include="dlgdigoption.h">
      <Filter>Header Files</Filter>
    </ClInclude>
    <ClInclude Include="dlgDigResize.h">
      <Filter>Header Files</Filter>
    </ClInclude>
    <ClInclude Include="dlgDigResolution.h">
      <Filter>Header Files</Filter>
    </ClInclude>
    <ClInclude Include="dlgDigSelectCurrent.h">
      <Filter>Header Files</Filter>
    </ClInclude>
    <ClInclude Include="dlgDispBitmap.h">
      <Filter>Header Files</Filter>
    </ClInclude>
    <ClInclude Include="dlgDistanceAdjust.h">
      <Filter>Header Files</Filter>
    </ClInclude>
    <ClInclude Include="dlgExportBitmap.h">
      <Filter>Header Files</Filter>
    </ClInclude>
    <ClInclude Include="dlgFillArea.h">
      <Filter>Header Files</Filter>
    </ClInclude>
    <ClInclude Include="dlgFilter1.h">
      <Filter>Header Files</Filter>
    </ClInclude>
    <ClInclude Include="dlgFilterOffset.h">
      <Filter>Header Files</Filter>
    </ClInclude>
    <ClInclude Include="dlgGainAdjust.h">
      <Filter>Header Files</Filter>
    </ClInclude>
    <ClInclude Include="dlgHardwareId.h">
      <Filter>Header Files</Filter>
    </ClInclude>
    <ClInclude Include="dlgHydrateDisp.h">
      <Filter>Header Files</Filter>
    </ClInclude>
    <ClInclude Include="dlgImportbitmap.h">
      <Filter>Header Files</Filter>
    </ClInclude>
    <ClInclude Include="dlgInitAmp.h">
      <Filter>Header Files</Filter>
    </ClInclude>
    <ClInclude Include="dlgInOut.h">
      <Filter>Header Files</Filter>
    </ClInclude>
    <ClInclude Include="dlgInputValie.h">
      <Filter>Header Files</Filter>
    </ClInclude>
    <ClInclude Include="dlgKdmig.h">
      <Filter>Header Files</Filter>
    </ClInclude>
    <ClInclude Include="dlgKDMigPost.h">
      <Filter>Header Files</Filter>
    </ClInclude>
    <ClInclude Include="dlgLabelOverwrite.h">
      <Filter>Header Files</Filter>
    </ClInclude>
    <ClInclude Include="dlgLabelSizes.h">
      <Filter>Header Files</Filter>
    </ClInclude>
    <ClInclude Include="dlgLatLong.h">
      <Filter>Header Files</Filter>
    </ClInclude>
    <ClInclude Include="dlgLatShift.h">
      <Filter>Header Files</Filter>
    </ClInclude>
    <ClInclude Include="dlgLayerNodes.h">
      <Filter>Header Files</Filter>
    </ClInclude>
    <ClInclude Include="dlgLineDrawDep.h">
      <Filter>Header Files</Filter>
    </ClInclude>
    <ClInclude Include="dlgLineDrawTim.h">
      <Filter>Header Files</Filter>
    </ClInclude>
    <ClInclude Include="dlgLoadReid.h">
      <Filter>Header Files</Filter>
    </ClInclude>
    <ClInclude Include="dlgLoadZelt.h">
      <Filter>Header Files</Filter>
    </ClInclude>
    <ClInclude Include="dlgMergeModels.h">
      <Filter>Header Files</Filter>
    </ClInclude>
    <ClInclude Include="dlgMigLineDraw.h">
      <Filter>Header Files</Filter>
    </ClInclude>
    <ClInclude Include="dlgMigPS.h">
      <Filter>Header Files</Filter>
    </ClInclude>
    <ClInclude Include="dlgModelResize.h">
      <Filter>Header Files</Filter>
    </ClInclude>
    <ClInclude Include="dlgModelShiftBoundary.h">
      <Filter>Header Files</Filter>
    </ClInclude>
    <ClInclude Include="dlgNewLayer.h">
      <Filter>Header Files</Filter>
    </ClInclude>
    <ClInclude Include="DlgNewModel.h">
      <Filter>Header Files</Filter>
    </ClInclude>
    <ClInclude Include="dlgNewVelFile.h">
      <Filter>Header Files</Filter>
    </ClInclude>
    <ClInclude Include="dlgPrint.h">
      <Filter>Header Files</Filter>
    </ClInclude>
    <ClInclude Include="dlgRayAuto.h">
      <Filter>Header Files</Filter>
    </ClInclude>
    <ClInclude Include="dlgRaytrace1.h">
      <Filter>Header Files</Filter>
    </ClInclude>
    <ClInclude Include="dlgRayTracing.h">
      <Filter>Header Files</Filter>
    </ClInclude>
    <ClInclude Include="dlgRegionalModel.h">
      <Filter>Header Files</Filter>
    </ClInclude>
    <ClInclude Include="dlgReorganize.h">
      <Filter>Header Files</Filter>
    </ClInclude>
    <ClInclude Include="dlgResample.h">
      <Filter>Header Files</Filter>
    </ClInclude>
    <ClInclude Include="dlgRmsVelocityAnalysis.h">
      <Filter>Header Files</Filter>
    </ClInclude>
    <ClInclude Include="dlgSegyAppend.h">
      <Filter>Header Files</Filter>
    </ClInclude>
    <ClInclude Include="dlgSegyColor.h">
      <Filter>Header Files</Filter>
    </ClInclude>
    <ClInclude Include="dlgSegyColor2.h">
      <Filter>Header Files</Filter>
    </ClInclude>
    <ClInclude Include="dlgSegyInfo.h">
      <Filter>Header Files</Filter>
    </ClInclude>
    <ClInclude Include="dlgSegyPreview.h">
      <Filter>Header Files</Filter>
    </ClInclude>
    <ClInclude Include="dlgSineModulate.h">
      <Filter>Header Files</Filter>
    </ClInclude>
    <ClInclude Include="dlgSonobouy.h">
      <Filter>Header Files</Filter>
    </ClInclude>
    <ClInclude Include="dlgSonobuoyAutoOffset.h">
      <Filter>Header Files</Filter>
    </ClInclude>
    <ClInclude Include="dlgSonobuoyPoly.h">
      <Filter>Header Files</Filter>
    </ClInclude>
    <ClInclude Include="dlgSourcePos.h">
      <Filter>Header Files</Filter>
    </ClInclude>
    <ClInclude Include="dlgTablizeLayer.h">
      <Filter>Header Files</Filter>
    </ClInclude>
    <ClInclude Include="dlgTim2Dpth.h">
      <Filter>Header Files</Filter>
    </ClInclude>
    <ClInclude Include="dlgTimDepthBMP.h">
      <Filter>Header Files</Filter>
    </ClInclude>
    <ClInclude Include="dlgTimeByTrc.h">
      <Filter>Header Files</Filter>
    </ClInclude>
    <ClInclude Include="dlgTIMESEC1.h">
      <Filter>Header Files</Filter>
    </ClInclude>
    <ClInclude Include="dlgToolPoly.h">
      <Filter>Header Files</Filter>
    </ClInclude>
    <ClInclude Include="dlgTraceBalanceXT.h">
      <Filter>Header Files</Filter>
    </ClInclude>
    <ClInclude Include="dlgTraceDub.h">
      <Filter>Header Files</Filter>
    </ClInclude>
    <ClInclude Include="dlgTTCurve.h">
      <Filter>Header Files</Filter>
    </ClInclude>
    <ClInclude Include="dlgUnix2PC.h">
      <Filter>Header Files</Filter>
    </ClInclude>
    <ClInclude Include="dlgVel2Den.h">
      <Filter>Header Files</Filter>
    </ClInclude>
    <ClInclude Include="dlgVel2Den1.h">
      <Filter>Header Files</Filter>
    </ClInclude>
    <ClInclude Include="dlgVELOCITY1.h">
      <Filter>Header Files</Filter>
    </ClInclude>
    <ClInclude Include="dlgVelocityPerturb.h">
      <Filter>Header Files</Filter>
    </ClInclude>
    <ClInclude Include="dlgVelocityTwtt2.h">
      <Filter>Header Files</Filter>
    </ClInclude>
    <ClInclude Include="dlgVred.h">
      <Filter>Header Files</Filter>
    </ClInclude>
    <ClInclude Include="dlgWide2Depth.h">
      <Filter>Header Files</Filter>
    </ClInclude>
    <ClInclude Include="dlgWide2Velocity.h">
      <Filter>Header Files</Filter>
    </ClInclude>
    <ClInclude Include="dlgWienerFilter.h">
      <Filter>Header Files</Filter>
    </ClInclude>
    <ClInclude Include="ealloc_d.h">
      <Filter>Header Files</Filter>
    </ClInclude>
    <ClInclude Include="IniReader.h">
      <Filter>Header Files</Filter>
    </ClInclude>
    <ClInclude Include="IniWriter.h">
      <Filter>Header Files</Filter>
    </ClInclude>
    <ClInclude Include="IpFrame.h">
      <Filter>Header Files</Filter>
    </ClInclude>
    <ClInclude Include="LicenseCheck.h">
      <Filter>Header Files</Filter>
    </ClInclude>
    <ClInclude Include="MainFrm.h">
      <Filter>Header Files</Filter>
    </ClInclude>
    <ClInclude Include="resource.h">
      <Filter>Header Files</Filter>
    </ClInclude>
    <ClInclude Include="ScrollHelper.h">
      <Filter>Header Files</Filter>
    </ClInclude>
    <ClInclude Include="SegyWrapper.h">
      <Filter>Header Files</Filter>
    </ClInclude>
    <ClInclude Include="SegyWrapperEx.h">
      <Filter>Header Files</Filter>
    </ClInclude>
    <ClInclude Include="seiContour.h">
      <Filter>Header Files</Filter>
    </ClInclude>
    <ClInclude Include="SeisWide.h">
      <Filter>Header Files</Filter>
    </ClInclude>
    <ClInclude Include="SeisWideDoc.h">
      <Filter>Header Files</Filter>
    </ClInclude>
    <ClInclude Include="SeisWideView.h">
      <Filter>Header Files</Filter>
    </ClInclude>
    <ClInclude Include="SrvrItem.h">
      <Filter>Header Files</Filter>
    </ClInclude>
    <ClInclude Include="StdAfx.h">
      <Filter>Header Files</Filter>
    </ClInclude>
    <ClInclude Include="sumig.h">
      <Filter>Header Files</Filter>
    </ClInclude>
    <ClInclude Include="suSwapByte.h">
      <Filter>Header Files</Filter>
    </ClInclude>
    <ClInclude Include="TipDlg.h">
      <Filter>Header Files</Filter>
    </ClInclude>
    <ClInclude Include="util.h">
      <Filter>Header Files</Filter>
    </ClInclude>
    <ClInclude Include="VelMod.h">
      <Filter>Header Files</Filter>
    </ClInclude>
  </ItemGroup>
  <ItemGroup>
    <Text Include="ReadMe.txt">
      <Filter>Source Files</Filter>
    </Text>
  </ItemGroup>
  <ItemGroup>
    <None Include="filter.rct">
      <Filter>Resource Files</Filter>
    </None>
    <None Include="res\SeisWide.rc2">
      <Filter>Resource Files</Filter>
    </None>
    <None Include="ClassDiagram11.cd" />
    <None Include="ClassDiagram12.cd" />
    <None Include="ClassDiagram13.cd" />
    <None Include="dlgHardwareId.htm" />
    <None Include="dlgRegionalModel.htm" />
    <None Include="dlgRegionalVelocity.htm" />
    <None Include="dlgSonobuoyPoly.htm" />
    <None Include="dlgVelocityPerturb.htm" />
    <None Include="SeisWide.rgs" />
  </ItemGroup>
  <ItemGroup>
    <ResourceCompile Include="SeisWide.rc">
      <Filter>Source Files</Filter>
    </ResourceCompile>
  </ItemGroup>
  <ItemGroup>
    <Image Include="res\bitmap2.bmp">
      <Filter>Resource Files</Filter>
    </Image>
    <Image Include="RES\bitmap4.bmp">
      <Filter>Resource Files</Filter>
    </Image>
    <Image Include="res\darrow.bmp">
      <Filter>Resource Files</Filter>
    </Image>
    <Image Include="res\Deping3.BMP">
      <Filter>Resource Files</Filter>
    </Image>
    <Image Include="RES\dlgDecimate.ico">
      <Filter>Resource Files</Filter>
    </Image>
    <Image Include="RES\icon1.ico">
      <Filter>Resource Files</Filter>
    </Image>
    <Image Include="res\IToolbar.bmp">
      <Filter>Resource Files</Filter>
    </Image>
    <Image Include="RES\litebulb.bmp">
      <Filter>Resource Files</Filter>
    </Image>
    <Image Include="res\SeisWide.ico">
      <Filter>Resource Files</Filter>
    </Image>
    <Image Include="res\SeisWideDoc.ico">
      <Filter>Resource Files</Filter>
    </Image>
    <Image Include="res\Toolbar.bmp">
      <Filter>Resource Files</Filter>
    </Image>
  </ItemGroup>
  <ItemGroup>
    <Midl Include="SeisWide.idl" />
  </ItemGroup>
  <ItemGroup>
    <CustomBuild Include="hlp\SeisWide.hpj">
      <Filter>Source Files</Filter>
    </CustomBuild>
  </ItemGroup>
</Project>