
Microsoft Visual Studio Solution File, Format Version 12.00
# Visual Studio Version 17
VisualStudioVersion = 17.0.32014.148
MinimumVisualStudioVersion = 10.0.40219.1
Project("{8BC9CEB8-8B4A-11D0-8D11-00A0C91BC942}") = "SeisWideTTT2", "SeisWideTTT2.vcxproj", "{B4E3C55E-0752-4079-99DD-169D51A2F4B4}"
EndProject
Global
	GlobalSection(SolutionConfigurationPlatforms) = preSolution
		Debug|Mixed Platforms = Debug|Mixed Platforms
		Debug|Win32 = Debug|Win32
		Debug|x64 = Debug|x64
		Debug|x86 = Debug|x86
		Debug-contrib|Mixed Platforms = Debug-contrib|Mixed Platforms
		Debug-contrib|Win32 = Debug-contrib|Win32
		Debug-contrib|x64 = Debug-contrib|x64
		Debug-contrib|x86 = Debug-contrib|x86
		Debug-cups|Mixed Platforms = Debug-cups|Mixed Platforms
		Debug-cups|Win32 = Debug-cups|Win32
		Debug-cups|x64 = Debug-cups|x64
		Debug-cups|x86 = Debug-cups|x86
		Memento|Mixed Platforms = Memento|Mixed Platforms
		Memento|Win32 = Memento|Win32
		Memento|x64 = Memento|x64
		Memento|x86 = Memento|x86
		Profile|Mixed Platforms = Profile|Mixed Platforms
		Profile|Win32 = Profile|Win32
		Profile|x64 = Profile|x64
		Profile|x86 = Profile|x86
		Release|Mixed Platforms = Release|Mixed Platforms
		Release|Win32 = Release|Win32
		Release|x64 = Release|x64
		Release|x86 = Release|x86
		Release-contrib|Mixed Platforms = Release-contrib|Mixed Platforms
		Release-contrib|Win32 = Release-contrib|Win32
		Release-contrib|x64 = Release-contrib|x64
		Release-contrib|x86 = Release-contrib|x86
		Template|Mixed Platforms = Template|Mixed Platforms
		Template|Win32 = Template|Win32
		Template|x64 = Template|x64
		Template|x86 = Template|x86
		Unicode Debug|Mixed Platforms = Unicode Debug|Mixed Platforms
		Unicode Debug|Win32 = Unicode Debug|Win32
		Unicode Debug|x64 = Unicode Debug|x64
		Unicode Debug|x86 = Unicode Debug|x86
		Unicode Release|Mixed Platforms = Unicode Release|Mixed Platforms
		Unicode Release|Win32 = Unicode Release|Win32
		Unicode Release|x64 = Unicode Release|x64
		Unicode Release|x86 = Unicode Release|x86
	EndGlobalSection
	GlobalSection(ProjectConfigurationPlatforms) = postSolution
		{B4E3C55E-0752-4079-99DD-169D51A2F4B4}.Debug|Mixed Platforms.ActiveCfg = Debug|x64
		{B4E3C55E-0752-4079-99DD-169D51A2F4B4}.Debug|Mixed Platforms.Build.0 = Debug|x64
		{B4E3C55E-0752-4079-99DD-169D51A2F4B4}.Debug|Win32.ActiveCfg = Debug|Win32
		{B4E3C55E-0752-4079-99DD-169D51A2F4B4}.Debug|Win32.Build.0 = Debug|Win32
		{B4E3C55E-0752-4079-99DD-169D51A2F4B4}.Debug|x64.ActiveCfg = Debug|x64
		{B4E3C55E-0752-4079-99DD-169D51A2F4B4}.Debug|x64.Build.0 = Debug|x64
		{B4E3C55E-0752-4079-99DD-169D51A2F4B4}.Debug|x86.ActiveCfg = Debug|Win32
		{B4E3C55E-0752-4079-99DD-169D51A2F4B4}.Debug|x86.Build.0 = Debug|Win32
		{B4E3C55E-0752-4079-99DD-169D51A2F4B4}.Debug-contrib|Mixed Platforms.ActiveCfg = Debug|x64
		{B4E3C55E-0752-4079-99DD-169D51A2F4B4}.Debug-contrib|Mixed Platforms.Build.0 = Debug|x64
		{B4E3C55E-0752-4079-99DD-169D51A2F4B4}.Debug-contrib|Win32.ActiveCfg = Debug|Win32
		{B4E3C55E-0752-4079-99DD-169D51A2F4B4}.Debug-contrib|Win32.Build.0 = Debug|Win32
		{B4E3C55E-0752-4079-99DD-169D51A2F4B4}.Debug-contrib|x64.ActiveCfg = Debug|x64
		{B4E3C55E-0752-4079-99DD-169D51A2F4B4}.Debug-contrib|x64.Build.0 = Debug|x64
		{B4E3C55E-0752-4079-99DD-169D51A2F4B4}.Debug-contrib|x86.ActiveCfg = Debug|Win32
		{B4E3C55E-0752-4079-99DD-169D51A2F4B4}.Debug-contrib|x86.Build.0 = Debug|Win32
		{B4E3C55E-0752-4079-99DD-169D51A2F4B4}.Debug-cups|Mixed Platforms.ActiveCfg = Debug|x64
		{B4E3C55E-0752-4079-99DD-169D51A2F4B4}.Debug-cups|Mixed Platforms.Build.0 = Debug|x64
		{B4E3C55E-0752-4079-99DD-169D51A2F4B4}.Debug-cups|Win32.ActiveCfg = Debug|Win32
		{B4E3C55E-0752-4079-99DD-169D51A2F4B4}.Debug-cups|Win32.Build.0 = Debug|Win32
		{B4E3C55E-0752-4079-99DD-169D51A2F4B4}.Debug-cups|x64.ActiveCfg = Debug|x64
		{B4E3C55E-0752-4079-99DD-169D51A2F4B4}.Debug-cups|x64.Build.0 = Debug|x64
		{B4E3C55E-0752-4079-99DD-169D51A2F4B4}.Debug-cups|x86.ActiveCfg = Debug|Win32
		{B4E3C55E-0752-4079-99DD-169D51A2F4B4}.Debug-cups|x86.Build.0 = Debug|Win32
		{B4E3C55E-0752-4079-99DD-169D51A2F4B4}.Memento|Mixed Platforms.ActiveCfg = Unicode Release|x64
		{B4E3C55E-0752-4079-99DD-169D51A2F4B4}.Memento|Mixed Platforms.Build.0 = Unicode Release|x64
		{B4E3C55E-0752-4079-99DD-169D51A2F4B4}.Memento|Win32.ActiveCfg = Unicode Release|Win32
		{B4E3C55E-0752-4079-99DD-169D51A2F4B4}.Memento|Win32.Build.0 = Unicode Release|Win32
		{B4E3C55E-0752-4079-99DD-169D51A2F4B4}.Memento|x64.ActiveCfg = Unicode Release|x64
		{B4E3C55E-0752-4079-99DD-169D51A2F4B4}.Memento|x64.Build.0 = Unicode Release|x64
		{B4E3C55E-0752-4079-99DD-169D51A2F4B4}.Memento|x86.ActiveCfg = Unicode Release|Win32
		{B4E3C55E-0752-4079-99DD-169D51A2F4B4}.Memento|x86.Build.0 = Unicode Release|Win32
		{B4E3C55E-0752-4079-99DD-169D51A2F4B4}.Profile|Mixed Platforms.ActiveCfg = Unicode Release|x64
		{B4E3C55E-0752-4079-99DD-169D51A2F4B4}.Profile|Mixed Platforms.Build.0 = Unicode Release|x64
		{B4E3C55E-0752-4079-99DD-169D51A2F4B4}.Profile|Win32.ActiveCfg = Unicode Release|Win32
		{B4E3C55E-0752-4079-99DD-169D51A2F4B4}.Profile|Win32.Build.0 = Unicode Release|Win32
		{B4E3C55E-0752-4079-99DD-169D51A2F4B4}.Profile|x64.ActiveCfg = Unicode Release|x64
		{B4E3C55E-0752-4079-99DD-169D51A2F4B4}.Profile|x64.Build.0 = Unicode Release|x64
		{B4E3C55E-0752-4079-99DD-169D51A2F4B4}.Profile|x86.ActiveCfg = Unicode Release|Win32
		{B4E3C55E-0752-4079-99DD-169D51A2F4B4}.Profile|x86.Build.0 = Unicode Release|Win32
		{B4E3C55E-0752-4079-99DD-169D51A2F4B4}.Release|Mixed Platforms.ActiveCfg = Unicode Release|x64
		{B4E3C55E-0752-4079-99DD-169D51A2F4B4}.Release|Mixed Platforms.Build.0 = Unicode Release|x64
		{B4E3C55E-0752-4079-99DD-169D51A2F4B4}.Release|Win32.ActiveCfg = Unicode Release|Win32
		{B4E3C55E-0752-4079-99DD-169D51A2F4B4}.Release|Win32.Build.0 = Unicode Release|Win32
		{B4E3C55E-0752-4079-99DD-169D51A2F4B4}.Release|x64.ActiveCfg = Unicode Release|x64
		{B4E3C55E-0752-4079-99DD-169D51A2F4B4}.Release|x64.Build.0 = Unicode Release|x64
		{B4E3C55E-0752-4079-99DD-169D51A2F4B4}.Release|x86.ActiveCfg = Unicode Release|Win32
		{B4E3C55E-0752-4079-99DD-169D51A2F4B4}.Release|x86.Build.0 = Unicode Release|Win32
		{B4E3C55E-0752-4079-99DD-169D51A2F4B4}.Release-contrib|Mixed Platforms.ActiveCfg = Unicode Release|x64
		{B4E3C55E-0752-4079-99DD-169D51A2F4B4}.Release-contrib|Mixed Platforms.Build.0 = Unicode Release|x64
		{B4E3C55E-0752-4079-99DD-169D51A2F4B4}.Release-contrib|Win32.ActiveCfg = Unicode Release|Win32
		{B4E3C55E-0752-4079-99DD-169D51A2F4B4}.Release-contrib|Win32.Build.0 = Unicode Release|Win32
		{B4E3C55E-0752-4079-99DD-169D51A2F4B4}.Release-contrib|x64.ActiveCfg = Unicode Release|x64
		{B4E3C55E-0752-4079-99DD-169D51A2F4B4}.Release-contrib|x64.Build.0 = Unicode Release|x64
		{B4E3C55E-0752-4079-99DD-169D51A2F4B4}.Release-contrib|x86.ActiveCfg = Unicode Release|Win32
		{B4E3C55E-0752-4079-99DD-169D51A2F4B4}.Release-contrib|x86.Build.0 = Unicode Release|Win32
		{B4E3C55E-0752-4079-99DD-169D51A2F4B4}.Template|Mixed Platforms.ActiveCfg = Unicode Release|x64
		{B4E3C55E-0752-4079-99DD-169D51A2F4B4}.Template|Mixed Platforms.Build.0 = Unicode Release|x64
		{B4E3C55E-0752-4079-99DD-169D51A2F4B4}.Template|Win32.ActiveCfg = Unicode Release|Win32
		{B4E3C55E-0752-4079-99DD-169D51A2F4B4}.Template|Win32.Build.0 = Unicode Release|Win32
		{B4E3C55E-0752-4079-99DD-169D51A2F4B4}.Template|x64.ActiveCfg = Unicode Release|x64
		{B4E3C55E-0752-4079-99DD-169D51A2F4B4}.Template|x64.Build.0 = Unicode Release|x64
		{B4E3C55E-0752-4079-99DD-169D51A2F4B4}.Template|x86.ActiveCfg = Unicode Release|Win32
		{B4E3C55E-0752-4079-99DD-169D51A2F4B4}.Template|x86.Build.0 = Unicode Release|Win32
		{B4E3C55E-0752-4079-99DD-169D51A2F4B4}.Unicode Debug|Mixed Platforms.ActiveCfg = Unicode Release|x64
		{B4E3C55E-0752-4079-99DD-169D51A2F4B4}.Unicode Debug|Mixed Platforms.Build.0 = Unicode Release|x64
		{B4E3C55E-0752-4079-99DD-169D51A2F4B4}.Unicode Debug|Win32.ActiveCfg = Unicode Release|Win32
		{B4E3C55E-0752-4079-99DD-169D51A2F4B4}.Unicode Debug|Win32.Build.0 = Unicode Release|Win32
		{B4E3C55E-0752-4079-99DD-169D51A2F4B4}.Unicode Debug|x64.ActiveCfg = Unicode Release|x64
		{B4E3C55E-0752-4079-99DD-169D51A2F4B4}.Unicode Debug|x64.Build.0 = Unicode Release|x64
		{B4E3C55E-0752-4079-99DD-169D51A2F4B4}.Unicode Debug|x86.ActiveCfg = Unicode Release|Win32
		{B4E3C55E-0752-4079-99DD-169D51A2F4B4}.Unicode Debug|x86.Build.0 = Unicode Release|Win32
		{B4E3C55E-0752-4079-99DD-169D51A2F4B4}.Unicode Release|Mixed Platforms.ActiveCfg = Unicode Release|x64
		{B4E3C55E-0752-4079-99DD-169D51A2F4B4}.Unicode Release|Mixed Platforms.Build.0 = Unicode Release|x64
		{B4E3C55E-0752-4079-99DD-169D51A2F4B4}.Unicode Release|Win32.ActiveCfg = Unicode Release|Win32
		{B4E3C55E-0752-4079-99DD-169D51A2F4B4}.Unicode Release|Win32.Build.0 = Unicode Release|Win32
		{B4E3C55E-0752-4079-99DD-169D51A2F4B4}.Unicode Release|x64.ActiveCfg = Unicode Release|x64
		{B4E3C55E-0752-4079-99DD-169D51A2F4B4}.Unicode Release|x64.Build.0 = Unicode Release|x64
		{B4E3C55E-0752-4079-99DD-169D51A2F4B4}.Unicode Release|x86.ActiveCfg = Unicode Release|Win32
		{B4E3C55E-0752-4079-99DD-169D51A2F4B4}.Unicode Release|x86.Build.0 = Unicode Release|Win32
	EndGlobalSection
	GlobalSection(SolutionProperties) = preSolution
		HideSolutionNode = FALSE
	EndGlobalSection
	GlobalSection(ExtensibilityGlobals) = postSolution
		SolutionGuid = {0AB9C668-3052-4373-A855-ED26CEA0610D}
	EndGlobalSection
EndGlobal
